
Microsoft Visual Studio Solution File, Format Version 12.00
# Visual Studio Version 17
VisualStudioVersion = 17.4.33110.190
MinimumVisualStudioVersion = 10.0.40219.1
Project("{8BC9CEB8-8B4A-11D0-8D11-00A0C91BC942}") = "01.Hard_C_Study", "Hard_C_Study\Hard_C_Study.vcxproj", "{FAB4F987-4C97-47B4-879E-4640C67B429F}"
EndProject
Project("{8BC9CEB8-8B4A-11D0-8D11-00A0C91BC942}") = "01.VarDeclAndlnit.c", "VarDeclAndlnit.c\VarDeclAndlnit.c.vcxproj", "{76C7274B-9CF8-4CE0-8550-01F64B8CADAC}"
EndProject
Project("{8BC9CEB8-8B4A-11D0-8D11-00A0C91BC942}") = "01.SimpleAddTwo.c", "SimpleAddTwo.c\SimpleAddTwo.c.vcxproj", "{C0FAFCBC-18B3-4A20-AFCB-DC67F2EE0FCF}"
EndProject
Project("{8BC9CEB8-8B4A-11D0-8D11-00A0C91BC942}") = "01.OperatorOne.c", "OperatorOne.c\OperatorOne.c.vcxproj", "{439A69BE-705A-4664-93FE-91EBFC8B293A}"
EndProject
Project("{8BC9CEB8-8B4A-11D0-8D11-00A0C91BC942}") = "01.OperatorTwo.c", "OperatorTwo.c\OperatorTwo.c.vcxproj", "{9B205A77-81B7-4749-A2AA-18AD12F1FACA}"
EndProject
Project("{8BC9CEB8-8B4A-11D0-8D11-00A0C91BC942}") = "01.OperatorFour.c", "OperatorFour.c\OperatorFour.c.vcxproj", "{7606E234-7A37-47AE-B6EA-6D4618515672}"
EndProject
Project("{8BC9CEB8-8B4A-11D0-8D11-00A0C91BC942}") = "01.OperatorFive", "OperatorFive\OperatorFive.vcxproj", "{C33C8DC5-155E-41FA-903A-41F248CD596C}"
EndProject
Project("{8BC9CEB8-8B4A-11D0-8D11-00A0C91BC942}") = "01.OperatorSix", "OperatorSix\OperatorSix.vcxproj", "{DF9E1C81-BA8E-44B7-89C2-1FAFCC771B53}"
EndProject
Project("{8BC9CEB8-8B4A-11D0-8D11-00A0C91BC942}") = "01.OperatorSeven", "OperatorSeven\OperatorSeven.vcxproj", "{97D627AF-F172-402D-B922-DC53CF8E4F85}"
EndProject
Project("{8BC9CEB8-8B4A-11D0-8D11-00A0C91BC942}") = "04.SimpleAddThree", "SimpleAddThree\SimpleAddThree.vcxproj", "{C0E740FB-BE55-4087-9566-B840C51C3F56}"
EndProject
Project("{8BC9CEB8-8B4A-11D0-8D11-00A0C91BC942}") = "04.SimpleAdddFour", "SimpleAdddFour\SimpleAdddFour.vcxproj", "{517EFF13-15B9-44D4-9F5B-04AE964322D0}"
EndProject
Project("{8BC9CEB8-8B4A-11D0-8D11-00A0C91BC942}") = "04.Notation", "Notation\Notation.vcxproj", "{3EC5A570-C612-4CCC-944C-069E17ABF84E}"
EndProject
Project("{8BC9CEB8-8B4A-11D0-8D11-00A0C91BC942}") = "04.FloatError", "04.FloatError\04.FloatError.vcxproj", "{399AFC9B-F1A8-47A9-A62F-65EC31F6A9DB}"
EndProject
Project("{8BC9CEB8-8B4A-11D0-8D11-00A0C91BC942}") = "04.BitAndOperation", "04.BitAndOperation\04.BitAndOperation.vcxproj", "{C5A66CE8-EA5A-403C-AC3F-ECA276E7B562}"
EndProject
Project("{8BC9CEB8-8B4A-11D0-8D11-00A0C91BC942}") = "04. BitOperatinon", "04. BitOperatinon\04. BitOperatinon.vcxproj", "{05829F66-D09E-4A7E-A541-EBD014548BC6}"
EndProject
Project("{8BC9CEB8-8B4A-11D0-8D11-00A0C91BC942}") = "04.BitXorOperation", "04.BitXorOperation\04.BitXorOperation.vcxproj", "{FD85881A-72A9-44A5-9EFA-95BF932F40A4}"
EndProject
Project("{8BC9CEB8-8B4A-11D0-8D11-00A0C91BC942}") = "04.BitNotOperation", "04.BitNotOperation\04.BitNotOperation.vcxproj", "{42F9735B-DCAC-4D24-B834-F9B20EE28C30}"
EndProject
Project("{8BC9CEB8-8B4A-11D0-8D11-00A0C91BC942}") = "04.BitLeftShift", "04.BitLeftShift\04.BitLeftShift.vcxproj", "{9F2CBA13-A3E0-4DCB-A021-75BEB10368D5}"
EndProject
Project("{8BC9CEB8-8B4A-11D0-8D11-00A0C91BC942}") = "04.BitRightShift", "04.BitRightShift\04.BitRightShift.vcxproj", "{C8E9ACE0-4166-4427-A9E4-DB4FC1234E7B}"
EndProject
Project("{8BC9CEB8-8B4A-11D0-8D11-00A0C91BC942}") = "05.SizeOfOperator", "05.SizeOfOperator\05.SizeOfOperator.vcxproj", "{10EA0C19-7A15-4B0A-8651-661941E2F752}"
EndProject
Project("{8BC9CEB8-8B4A-11D0-8D11-00A0C91BC942}") = "05.CharShortBaseAdd", "05.CharShortBaseAdd\05.CharShortBaseAdd.vcxproj", "{C7E64FD0-A308-40CD-A24F-50D8E99DC43F}"
EndProject
Project("{8BC9CEB8-8B4A-11D0-8D11-00A0C91BC942}") = "05.CircleArea", "05.CircleArea\05.CircleArea.vcxproj", "{D23DE237-94F3-478E-828F-A891C285B287}"
EndProject
Project("{8BC9CEB8-8B4A-11D0-8D11-00A0C91BC942}") = "05.HowChar", "05.HowChar\05.HowChar.vcxproj", "{38F2CCD2-C15E-4F99-BC2F-33577857F33E}"
EndProject
Project("{8BC9CEB8-8B4A-11D0-8D11-00A0C91BC942}") = "05.LiteralSize", "05.LiteralSize\05.LiteralSize.vcxproj", "{6E8F19CE-EEC9-443C-A963-444B47381919}"
EndProject
Project("{8BC9CEB8-8B4A-11D0-8D11-00A0C91BC942}") = "05.AutoConvOne", "AutoConvOne\AutoConvOne.vcxproj", "{65BAC27A-0FC6-49AE-85CF-4C27A9EB2FB2}"
EndProject
Project("{8BC9CEB8-8B4A-11D0-8D11-00A0C91BC942}") = "05.ConvDiv", "05.ConvDiv\05.ConvDiv.vcxproj", "{17F49482-1DFB-4FD1-830A-70C09C6A810D}"
EndProject
Project("{8BC9CEB8-8B4A-11D0-8D11-00A0C91BC942}") = "05.FormPrintf", "05.FormPrintf\05.FormPrintf.vcxproj", "{8A9B2B1B-8713-4ED2-8261-E4EA2D019738}"
EndProject
Project("{8BC9CEB8-8B4A-11D0-8D11-00A0C91BC942}") = "05.OctHex", "05.OctHex\05.OctHex.vcxproj", "{DA27D31F-BF43-4C04-B2EB-CA8EDD192FC5}"
EndProject
Project("{8BC9CEB8-8B4A-11D0-8D11-00A0C91BC942}") = "05.RealNrmOutput", "05.RealNrmOutput\05.RealNrmOutput.vcxproj", "{7C46E81A-A6AA-4B8B-B51C-0B84C99BCF27}"
EndProject
Project("{8BC9CEB8-8B4A-11D0-8D11-00A0C91BC942}") = "05.UsingPG", "05.UsingPG\05.UsingPG.vcxproj", "{05F1E125-C1C4-4250-8149-2F619CE52768}"
EndProject
Project("{8BC9CEB8-8B4A-11D0-8D11-00A0C91BC942}") = "05.UsingPS", "05.UsingPS\05.UsingPS.vcxproj", "{663F92E9-D42F-49FC-99DD-D219A43E6FEB}"
EndProject
Project("{8BC9CEB8-8B4A-11D0-8D11-00A0C91BC942}") = "05.FieldWidth", "05.FieldWidth\05.FieldWidth.vcxproj", "{0E5BFABD-6B45-4653-AEC5-A7064B650039}"
EndProject
Project("{8BC9CEB8-8B4A-11D0-8D11-00A0C91BC942}") = "06.ScanfConvONe", "06.ScanfConvONe\06.ScanfConvONe.vcxproj", "{A0B06263-5F61-4B90-8B5C-AD06AF9D2864}"
EndProject
Project("{8BC9CEB8-8B4A-11D0-8D11-00A0C91BC942}") = "06.ScntfConvTwo", "ScntfConvTwo\ScntfConvTwo.vcxproj", "{C1721370-8E4E-4126-BC75-3F1AC1928E56}"
EndProject
Project("{8BC9CEB8-8B4A-11D0-8D11-00A0C91BC942}") = "07.SimpleWhile", "07.SimpleWhile\07.SimpleWhile.vcxproj", "{9962AFC6-1D90-4776-AB5F-79581D832379}"
EndProject
Project("{8BC9CEB8-8B4A-11D0-8D11-00A0C91BC942}") = "07.NineNineDan", "07.NineNineDan\07.NineNineDan.vcxproj", "{DCAB402D-CE27-461F-BCED-8053461D8413}"
EndProject
Project("{8BC9CEB8-8B4A-11D0-8D11-00A0C91BC942}") = "07.TwoToNine", "07.TwoToNine\07.TwoToNine.vcxproj", "{F8B28D5A-3E96-4ED0-AF0F-D83CC74C793B}"
EndProject
Project("{8BC9CEB8-8B4A-11D0-8D11-00A0C91BC942}") = "07.UsefulDoWhile", "07.UsefulDoWhile\07.UsefulDoWhile.vcxproj", "{A9134CD6-40C5-4053-8200-22BA5D416CEE}"
EndProject
Project("{8BC9CEB8-8B4A-11D0-8D11-00A0C91BC942}") = "07.AddToNum", "07.AddToNum\07.AddToNum.vcxproj", "{3FA58EAD-0320-458E-8050-3C0BB5BF8683}"
EndProject
Project("{8BC9CEB8-8B4A-11D0-8D11-00A0C91BC942}") = "07.RealMean", "07.RealMean\07.RealMean.vcxproj", "{260892B0-725C-475D-849F-0C645E46B175}"
EndProject
Project("{8BC9CEB8-8B4A-11D0-8D11-00A0C91BC942}") = "07.TwoToNineForVer", "07.TwoToNineForVer\07.TwoToNineForVer.vcxproj", "{504DDD73-B20D-4D2C-AC5C-2F63F4CDC038}"
EndProject
Project("{8BC9CEB8-8B4A-11D0-8D11-00A0C91BC942}") = "08.ifBasic", "08.ifBasic\08.ifBasic.vcxproj", "{7FA5EC4E-9E9D-4E7C-9DEA-022E6D3F7B0E}"
EndProject
Project("{8BC9CEB8-8B4A-11D0-8D11-00A0C91BC942}") = "08.CalOne", "08.CalOne\08.CalOne.vcxproj", "{1166DF7F-F887-4040-9F73-3DC61095C732}"
EndProject
Project("{8BC9CEB8-8B4A-11D0-8D11-00A0C91BC942}") = "08.Mul3Mul4", "08.Mul3Mul4\08.Mul3Mul4.vcxproj", "{92E3A82D-0187-4F63-8770-3E963EBC4788}"
EndProject
Project("{8BC9CEB8-8B4A-11D0-8D11-00A0C91BC942}") = "08.ifElseBasic", "08.ifElseBasic\08.ifElseBasic.vcxproj", "{C6348566-4FB6-41DE-99DE-286956AE2CF2}"
EndProject
Project("{8BC9CEB8-8B4A-11D0-8D11-00A0C91BC942}") = "08.CalTwo", "08.CalTwo\08.CalTwo.vcxproj", "{834B0EA2-FD5E-4E05-BB9F-401F697BAC2E}"
EndProject
Project("{8BC9CEB8-8B4A-11D0-8D11-00A0C91BC942}") = "08.ThreeOperand", "08.ThreeOperand\08.ThreeOperand.vcxproj", "{D40CD16B-52F0-4C65-8117-B13304B949F9}"
EndProject
Project("{8BC9CEB8-8B4A-11D0-8D11-00A0C91BC942}") = "08.WhenOver5000", "08.WhenOver5000\08.WhenOver5000.vcxproj", "{605A8F93-00C3-44C8-814E-95F380F478B2}"
EndProject
Project("{8BC9CEB8-8B4A-11D0-8D11-00A0C91BC942}") = "08.ExceptMul2Mul3", "08.ExceptMul2Mul3\08.ExceptMul2Mul3.vcxproj", "{4ED9E8ED-3023-4FEA-9136-177C0DC2DBF1}"
EndProject
Project("{8BC9CEB8-8B4A-11D0-8D11-00A0C91BC942}") = "08.EnglishSchool", "08.EnglishSchool\08.EnglishSchool.vcxproj", "{66D1D57B-7025-4E2F-AA27-231DD498D600}"
EndProject
Project("{8BC9CEB8-8B4A-11D0-8D11-00A0C91BC942}") = "08.AdvanEnglishSchool", "08.AdvanEnglishSchool\08.AdvanEnglishSchool.vcxproj", "{45E96EFE-0C92-4295-B54D-D563B12613D3}"
EndProject
Project("{8BC9CEB8-8B4A-11D0-8D11-00A0C91BC942}") = "08.GoToBasic", "08.Go\08.Go.vcxproj", "{CDF005E5-B59F-4797-B42E-DC1522ACD3DD}"
EndProject
Project("{8BC9CEB8-8B4A-11D0-8D11-00A0C91BC942}") = "09.PrintfPutPut", "09.PrintfPutPut\09.PrintfPutPut.vcxproj", "{F56919FC-67E2-4FA9-BDEA-73E5DFEB80AB}"
EndProject
Project("{8BC9CEB8-8B4A-11D0-8D11-00A0C91BC942}") = "09.SimpleAddFunc", "09.SimpleAddFunc\09.SimpleAddFunc.vcxproj", "{0DF2A881-FBC9-4408-B658-C467936F0F1E}"
EndProject
Project("{8BC9CEB8-8B4A-11D0-8D11-00A0C91BC942}") = "09.SmarAddFunc", "09.SmarAddFunc\09.SmarAddFunc.vcxproj", "{7288CDBD-1A00-4896-987A-DF49DEE07245}"
EndProject
Project("{8BC9CEB8-8B4A-11D0-8D11-00A0C91BC942}") = "09.NumCompare", "09.NumCompare\09.NumCompare.vcxproj", "{AC196513-7EC8-46A8-8BF1-D4A7850D1DBD}"
EndProject
Project("{8BC9CEB8-8B4A-11D0-8D11-00A0C91BC942}") = "09.AbsoCompare", "09.AbsoCompare\09.AbsoCompare.vcxproj", "{F5A70488-FA87-4E1E-B84D-79A40D77A645}"
EndProject
Project("{8BC9CEB8-8B4A-11D0-8D11-00A0C91BC942}") = "09.LocalVariable", "09.LocalVariable\09.LocalVariable.vcxproj", "{63C66B0E-803A-4ABE-B45A-0D5911893498}"
EndProject
Project("{8BC9CEB8-8B4A-11D0-8D11-00A0C91BC942}") = "09.AnotherLocalVal", "09.AnotherLocalVal\09.AnotherLocalVal.vcxproj", "{7D642282-4504-41ED-86CF-75C833361E92}"
EndProject
Project("{8BC9CEB8-8B4A-11D0-8D11-00A0C91BC942}") = "09.LocalValHideVal", "09.LocalValHideVal\09.LocalValHideVal.vcxproj", "{EB5D533F-2938-4359-B3F5-D2A50E9F9CD4}"
EndProject
Global
	GlobalSection(SolutionConfigurationPlatforms) = preSolution
		Debug|x64 = Debug|x64
		Debug|x86 = Debug|x86
		Release|x64 = Release|x64
		Release|x86 = Release|x86
	EndGlobalSection
	GlobalSection(ProjectConfigurationPlatforms) = postSolution
		{FAB4F987-4C97-47B4-879E-4640C67B429F}.Debug|x64.ActiveCfg = Debug|x64
		{FAB4F987-4C97-47B4-879E-4640C67B429F}.Debug|x64.Build.0 = Debug|x64
		{FAB4F987-4C97-47B4-879E-4640C67B429F}.Debug|x86.ActiveCfg = Debug|Win32
		{FAB4F987-4C97-47B4-879E-4640C67B429F}.Debug|x86.Build.0 = Debug|Win32
		{FAB4F987-4C97-47B4-879E-4640C67B429F}.Release|x64.ActiveCfg = Release|x64
		{FAB4F987-4C97-47B4-879E-4640C67B429F}.Release|x64.Build.0 = Release|x64
		{FAB4F987-4C97-47B4-879E-4640C67B429F}.Release|x86.ActiveCfg = Release|Win32
		{FAB4F987-4C97-47B4-879E-4640C67B429F}.Release|x86.Build.0 = Release|Win32
		{76C7274B-9CF8-4CE0-8550-01F64B8CADAC}.Debug|x64.ActiveCfg = Debug|x64
		{76C7274B-9CF8-4CE0-8550-01F64B8CADAC}.Debug|x64.Build.0 = Debug|x64
		{76C7274B-9CF8-4CE0-8550-01F64B8CADAC}.Debug|x86.ActiveCfg = Debug|Win32
		{76C7274B-9CF8-4CE0-8550-01F64B8CADAC}.Debug|x86.Build.0 = Debug|Win32
		{76C7274B-9CF8-4CE0-8550-01F64B8CADAC}.Release|x64.ActiveCfg = Release|x64
		{76C7274B-9CF8-4CE0-8550-01F64B8CADAC}.Release|x64.Build.0 = Release|x64
		{76C7274B-9CF8-4CE0-8550-01F64B8CADAC}.Release|x86.ActiveCfg = Release|Win32
		{76C7274B-9CF8-4CE0-8550-01F64B8CADAC}.Release|x86.Build.0 = Release|Win32
		{C0FAFCBC-18B3-4A20-AFCB-DC67F2EE0FCF}.Debug|x64.ActiveCfg = Debug|x64
		{C0FAFCBC-18B3-4A20-AFCB-DC67F2EE0FCF}.Debug|x64.Build.0 = Debug|x64
		{C0FAFCBC-18B3-4A20-AFCB-DC67F2EE0FCF}.Debug|x86.ActiveCfg = Debug|Win32
		{C0FAFCBC-18B3-4A20-AFCB-DC67F2EE0FCF}.Debug|x86.Build.0 = Debug|Win32
		{C0FAFCBC-18B3-4A20-AFCB-DC67F2EE0FCF}.Release|x64.ActiveCfg = Release|x64
		{C0FAFCBC-18B3-4A20-AFCB-DC67F2EE0FCF}.Release|x64.Build.0 = Release|x64
		{C0FAFCBC-18B3-4A20-AFCB-DC67F2EE0FCF}.Release|x86.ActiveCfg = Release|Win32
		{C0FAFCBC-18B3-4A20-AFCB-DC67F2EE0FCF}.Release|x86.Build.0 = Release|Win32
		{439A69BE-705A-4664-93FE-91EBFC8B293A}.Debug|x64.ActiveCfg = Debug|x64
		{439A69BE-705A-4664-93FE-91EBFC8B293A}.Debug|x64.Build.0 = Debug|x64
		{439A69BE-705A-4664-93FE-91EBFC8B293A}.Debug|x86.ActiveCfg = Debug|Win32
		{439A69BE-705A-4664-93FE-91EBFC8B293A}.Debug|x86.Build.0 = Debug|Win32
		{439A69BE-705A-4664-93FE-91EBFC8B293A}.Release|x64.ActiveCfg = Release|x64
		{439A69BE-705A-4664-93FE-91EBFC8B293A}.Release|x64.Build.0 = Release|x64
		{439A69BE-705A-4664-93FE-91EBFC8B293A}.Release|x86.ActiveCfg = Release|Win32
		{439A69BE-705A-4664-93FE-91EBFC8B293A}.Release|x86.Build.0 = Release|Win32
		{9B205A77-81B7-4749-A2AA-18AD12F1FACA}.Debug|x64.ActiveCfg = Debug|x64
		{9B205A77-81B7-4749-A2AA-18AD12F1FACA}.Debug|x64.Build.0 = Debug|x64
		{9B205A77-81B7-4749-A2AA-18AD12F1FACA}.Debug|x86.ActiveCfg = Debug|Win32
		{9B205A77-81B7-4749-A2AA-18AD12F1FACA}.Debug|x86.Build.0 = Debug|Win32
		{9B205A77-81B7-4749-A2AA-18AD12F1FACA}.Release|x64.ActiveCfg = Release|x64
		{9B205A77-81B7-4749-A2AA-18AD12F1FACA}.Release|x64.Build.0 = Release|x64
		{9B205A77-81B7-4749-A2AA-18AD12F1FACA}.Release|x86.ActiveCfg = Release|Win32
		{9B205A77-81B7-4749-A2AA-18AD12F1FACA}.Release|x86.Build.0 = Release|Win32
		{7606E234-7A37-47AE-B6EA-6D4618515672}.Debug|x64.ActiveCfg = Debug|x64
		{7606E234-7A37-47AE-B6EA-6D4618515672}.Debug|x64.Build.0 = Debug|x64
		{7606E234-7A37-47AE-B6EA-6D4618515672}.Debug|x86.ActiveCfg = Debug|Win32
		{7606E234-7A37-47AE-B6EA-6D4618515672}.Debug|x86.Build.0 = Debug|Win32
		{7606E234-7A37-47AE-B6EA-6D4618515672}.Release|x64.ActiveCfg = Release|x64
		{7606E234-7A37-47AE-B6EA-6D4618515672}.Release|x64.Build.0 = Release|x64
		{7606E234-7A37-47AE-B6EA-6D4618515672}.Release|x86.ActiveCfg = Release|Win32
		{7606E234-7A37-47AE-B6EA-6D4618515672}.Release|x86.Build.0 = Release|Win32
		{C33C8DC5-155E-41FA-903A-41F248CD596C}.Debug|x64.ActiveCfg = Debug|x64
		{C33C8DC5-155E-41FA-903A-41F248CD596C}.Debug|x64.Build.0 = Debug|x64
		{C33C8DC5-155E-41FA-903A-41F248CD596C}.Debug|x86.ActiveCfg = Debug|Win32
		{C33C8DC5-155E-41FA-903A-41F248CD596C}.Debug|x86.Build.0 = Debug|Win32
		{C33C8DC5-155E-41FA-903A-41F248CD596C}.Release|x64.ActiveCfg = Release|x64
		{C33C8DC5-155E-41FA-903A-41F248CD596C}.Release|x64.Build.0 = Release|x64
		{C33C8DC5-155E-41FA-903A-41F248CD596C}.Release|x86.ActiveCfg = Release|Win32
		{C33C8DC5-155E-41FA-903A-41F248CD596C}.Release|x86.Build.0 = Release|Win32
		{DF9E1C81-BA8E-44B7-89C2-1FAFCC771B53}.Debug|x64.ActiveCfg = Debug|x64
		{DF9E1C81-BA8E-44B7-89C2-1FAFCC771B53}.Debug|x64.Build.0 = Debug|x64
		{DF9E1C81-BA8E-44B7-89C2-1FAFCC771B53}.Debug|x86.ActiveCfg = Debug|Win32
		{DF9E1C81-BA8E-44B7-89C2-1FAFCC771B53}.Debug|x86.Build.0 = Debug|Win32
		{DF9E1C81-BA8E-44B7-89C2-1FAFCC771B53}.Release|x64.ActiveCfg = Release|x64
		{DF9E1C81-BA8E-44B7-89C2-1FAFCC771B53}.Release|x64.Build.0 = Release|x64
		{DF9E1C81-BA8E-44B7-89C2-1FAFCC771B53}.Release|x86.ActiveCfg = Release|Win32
		{DF9E1C81-BA8E-44B7-89C2-1FAFCC771B53}.Release|x86.Build.0 = Release|Win32
		{97D627AF-F172-402D-B922-DC53CF8E4F85}.Debug|x64.ActiveCfg = Debug|x64
		{97D627AF-F172-402D-B922-DC53CF8E4F85}.Debug|x64.Build.0 = Debug|x64
		{97D627AF-F172-402D-B922-DC53CF8E4F85}.Debug|x86.ActiveCfg = Debug|Win32
		{97D627AF-F172-402D-B922-DC53CF8E4F85}.Debug|x86.Build.0 = Debug|Win32
		{97D627AF-F172-402D-B922-DC53CF8E4F85}.Release|x64.ActiveCfg = Release|x64
		{97D627AF-F172-402D-B922-DC53CF8E4F85}.Release|x64.Build.0 = Release|x64
		{97D627AF-F172-402D-B922-DC53CF8E4F85}.Release|x86.ActiveCfg = Release|Win32
		{97D627AF-F172-402D-B922-DC53CF8E4F85}.Release|x86.Build.0 = Release|Win32
		{C0E740FB-BE55-4087-9566-B840C51C3F56}.Debug|x64.ActiveCfg = Debug|x64
		{C0E740FB-BE55-4087-9566-B840C51C3F56}.Debug|x64.Build.0 = Debug|x64
		{C0E740FB-BE55-4087-9566-B840C51C3F56}.Debug|x86.ActiveCfg = Debug|Win32
		{C0E740FB-BE55-4087-9566-B840C51C3F56}.Debug|x86.Build.0 = Debug|Win32
		{C0E740FB-BE55-4087-9566-B840C51C3F56}.Release|x64.ActiveCfg = Release|x64
		{C0E740FB-BE55-4087-9566-B840C51C3F56}.Release|x64.Build.0 = Release|x64
		{C0E740FB-BE55-4087-9566-B840C51C3F56}.Release|x86.ActiveCfg = Release|Win32
		{C0E740FB-BE55-4087-9566-B840C51C3F56}.Release|x86.Build.0 = Release|Win32
		{517EFF13-15B9-44D4-9F5B-04AE964322D0}.Debug|x64.ActiveCfg = Debug|x64
		{517EFF13-15B9-44D4-9F5B-04AE964322D0}.Debug|x64.Build.0 = Debug|x64
		{517EFF13-15B9-44D4-9F5B-04AE964322D0}.Debug|x86.ActiveCfg = Debug|Win32
		{517EFF13-15B9-44D4-9F5B-04AE964322D0}.Debug|x86.Build.0 = Debug|Win32
		{517EFF13-15B9-44D4-9F5B-04AE964322D0}.Release|x64.ActiveCfg = Release|x64
		{517EFF13-15B9-44D4-9F5B-04AE964322D0}.Release|x64.Build.0 = Release|x64
		{517EFF13-15B9-44D4-9F5B-04AE964322D0}.Release|x86.ActiveCfg = Release|Win32
		{517EFF13-15B9-44D4-9F5B-04AE964322D0}.Release|x86.Build.0 = Release|Win32
		{3EC5A570-C612-4CCC-944C-069E17ABF84E}.Debug|x64.ActiveCfg = Debug|x64
		{3EC5A570-C612-4CCC-944C-069E17ABF84E}.Debug|x64.Build.0 = Debug|x64
		{3EC5A570-C612-4CCC-944C-069E17ABF84E}.Debug|x86.ActiveCfg = Debug|Win32
		{3EC5A570-C612-4CCC-944C-069E17ABF84E}.Debug|x86.Build.0 = Debug|Win32
		{3EC5A570-C612-4CCC-944C-069E17ABF84E}.Release|x64.ActiveCfg = Release|x64
		{3EC5A570-C612-4CCC-944C-069E17ABF84E}.Release|x64.Build.0 = Release|x64
		{3EC5A570-C612-4CCC-944C-069E17ABF84E}.Release|x86.ActiveCfg = Release|Win32
		{3EC5A570-C612-4CCC-944C-069E17ABF84E}.Release|x86.Build.0 = Release|Win32
		{399AFC9B-F1A8-47A9-A62F-65EC31F6A9DB}.Debug|x64.ActiveCfg = Debug|x64
		{399AFC9B-F1A8-47A9-A62F-65EC31F6A9DB}.Debug|x64.Build.0 = Debug|x64
		{399AFC9B-F1A8-47A9-A62F-65EC31F6A9DB}.Debug|x86.ActiveCfg = Debug|Win32
		{399AFC9B-F1A8-47A9-A62F-65EC31F6A9DB}.Debug|x86.Build.0 = Debug|Win32
		{399AFC9B-F1A8-47A9-A62F-65EC31F6A9DB}.Release|x64.ActiveCfg = Release|x64
		{399AFC9B-F1A8-47A9-A62F-65EC31F6A9DB}.Release|x64.Build.0 = Release|x64
		{399AFC9B-F1A8-47A9-A62F-65EC31F6A9DB}.Release|x86.ActiveCfg = Release|Win32
		{399AFC9B-F1A8-47A9-A62F-65EC31F6A9DB}.Release|x86.Build.0 = Release|Win32
		{C5A66CE8-EA5A-403C-AC3F-ECA276E7B562}.Debug|x64.ActiveCfg = Debug|x64
		{C5A66CE8-EA5A-403C-AC3F-ECA276E7B562}.Debug|x64.Build.0 = Debug|x64
		{C5A66CE8-EA5A-403C-AC3F-ECA276E7B562}.Debug|x86.ActiveCfg = Debug|Win32
		{C5A66CE8-EA5A-403C-AC3F-ECA276E7B562}.Debug|x86.Build.0 = Debug|Win32
		{C5A66CE8-EA5A-403C-AC3F-ECA276E7B562}.Release|x64.ActiveCfg = Release|x64
		{C5A66CE8-EA5A-403C-AC3F-ECA276E7B562}.Release|x64.Build.0 = Release|x64
		{C5A66CE8-EA5A-403C-AC3F-ECA276E7B562}.Release|x86.ActiveCfg = Release|Win32
		{C5A66CE8-EA5A-403C-AC3F-ECA276E7B562}.Release|x86.Build.0 = Release|Win32
		{05829F66-D09E-4A7E-A541-EBD014548BC6}.Debug|x64.ActiveCfg = Debug|x64
		{05829F66-D09E-4A7E-A541-EBD014548BC6}.Debug|x64.Build.0 = Debug|x64
		{05829F66-D09E-4A7E-A541-EBD014548BC6}.Debug|x86.ActiveCfg = Debug|Win32
		{05829F66-D09E-4A7E-A541-EBD014548BC6}.Debug|x86.Build.0 = Debug|Win32
		{05829F66-D09E-4A7E-A541-EBD014548BC6}.Release|x64.ActiveCfg = Release|x64
		{05829F66-D09E-4A7E-A541-EBD014548BC6}.Release|x64.Build.0 = Release|x64
		{05829F66-D09E-4A7E-A541-EBD014548BC6}.Release|x86.ActiveCfg = Release|Win32
		{05829F66-D09E-4A7E-A541-EBD014548BC6}.Release|x86.Build.0 = Release|Win32
		{FD85881A-72A9-44A5-9EFA-95BF932F40A4}.Debug|x64.ActiveCfg = Debug|x64
		{FD85881A-72A9-44A5-9EFA-95BF932F40A4}.Debug|x64.Build.0 = Debug|x64
		{FD85881A-72A9-44A5-9EFA-95BF932F40A4}.Debug|x86.ActiveCfg = Debug|Win32
		{FD85881A-72A9-44A5-9EFA-95BF932F40A4}.Debug|x86.Build.0 = Debug|Win32
		{FD85881A-72A9-44A5-9EFA-95BF932F40A4}.Release|x64.ActiveCfg = Release|x64
		{FD85881A-72A9-44A5-9EFA-95BF932F40A4}.Release|x64.Build.0 = Release|x64
		{FD85881A-72A9-44A5-9EFA-95BF932F40A4}.Release|x86.ActiveCfg = Release|Win32
		{FD85881A-72A9-44A5-9EFA-95BF932F40A4}.Release|x86.Build.0 = Release|Win32
		{42F9735B-DCAC-4D24-B834-F9B20EE28C30}.Debug|x64.ActiveCfg = Debug|x64
		{42F9735B-DCAC-4D24-B834-F9B20EE28C30}.Debug|x64.Build.0 = Debug|x64
		{42F9735B-DCAC-4D24-B834-F9B20EE28C30}.Debug|x86.ActiveCfg = Debug|Win32
		{42F9735B-DCAC-4D24-B834-F9B20EE28C30}.Debug|x86.Build.0 = Debug|Win32
		{42F9735B-DCAC-4D24-B834-F9B20EE28C30}.Release|x64.ActiveCfg = Release|x64
		{42F9735B-DCAC-4D24-B834-F9B20EE28C30}.Release|x64.Build.0 = Release|x64
		{42F9735B-DCAC-4D24-B834-F9B20EE28C30}.Release|x86.ActiveCfg = Release|Win32
		{42F9735B-DCAC-4D24-B834-F9B20EE28C30}.Release|x86.Build.0 = Release|Win32
		{9F2CBA13-A3E0-4DCB-A021-75BEB10368D5}.Debug|x64.ActiveCfg = Debug|x64
		{9F2CBA13-A3E0-4DCB-A021-75BEB10368D5}.Debug|x64.Build.0 = Debug|x64
		{9F2CBA13-A3E0-4DCB-A021-75BEB10368D5}.Debug|x86.ActiveCfg = Debug|Win32
		{9F2CBA13-A3E0-4DCB-A021-75BEB10368D5}.Debug|x86.Build.0 = Debug|Win32
		{9F2CBA13-A3E0-4DCB-A021-75BEB10368D5}.Release|x64.ActiveCfg = Release|x64
		{9F2CBA13-A3E0-4DCB-A021-75BEB10368D5}.Release|x64.Build.0 = Release|x64
		{9F2CBA13-A3E0-4DCB-A021-75BEB10368D5}.Release|x86.ActiveCfg = Release|Win32
		{9F2CBA13-A3E0-4DCB-A021-75BEB10368D5}.Release|x86.Build.0 = Release|Win32
		{C8E9ACE0-4166-4427-A9E4-DB4FC1234E7B}.Debug|x64.ActiveCfg = Debug|x64
		{C8E9ACE0-4166-4427-A9E4-DB4FC1234E7B}.Debug|x64.Build.0 = Debug|x64
		{C8E9ACE0-4166-4427-A9E4-DB4FC1234E7B}.Debug|x86.ActiveCfg = Debug|Win32
		{C8E9ACE0-4166-4427-A9E4-DB4FC1234E7B}.Debug|x86.Build.0 = Debug|Win32
		{C8E9ACE0-4166-4427-A9E4-DB4FC1234E7B}.Release|x64.ActiveCfg = Release|x64
		{C8E9ACE0-4166-4427-A9E4-DB4FC1234E7B}.Release|x64.Build.0 = Release|x64
		{C8E9ACE0-4166-4427-A9E4-DB4FC1234E7B}.Release|x86.ActiveCfg = Release|Win32
		{C8E9ACE0-4166-4427-A9E4-DB4FC1234E7B}.Release|x86.Build.0 = Release|Win32
		{10EA0C19-7A15-4B0A-8651-661941E2F752}.Debug|x64.ActiveCfg = Debug|x64
		{10EA0C19-7A15-4B0A-8651-661941E2F752}.Debug|x64.Build.0 = Debug|x64
		{10EA0C19-7A15-4B0A-8651-661941E2F752}.Debug|x86.ActiveCfg = Debug|Win32
		{10EA0C19-7A15-4B0A-8651-661941E2F752}.Debug|x86.Build.0 = Debug|Win32
		{10EA0C19-7A15-4B0A-8651-661941E2F752}.Release|x64.ActiveCfg = Release|x64
		{10EA0C19-7A15-4B0A-8651-661941E2F752}.Release|x64.Build.0 = Release|x64
		{10EA0C19-7A15-4B0A-8651-661941E2F752}.Release|x86.ActiveCfg = Release|Win32
		{10EA0C19-7A15-4B0A-8651-661941E2F752}.Release|x86.Build.0 = Release|Win32
		{C7E64FD0-A308-40CD-A24F-50D8E99DC43F}.Debug|x64.ActiveCfg = Debug|x64
		{C7E64FD0-A308-40CD-A24F-50D8E99DC43F}.Debug|x64.Build.0 = Debug|x64
		{C7E64FD0-A308-40CD-A24F-50D8E99DC43F}.Debug|x86.ActiveCfg = Debug|Win32
		{C7E64FD0-A308-40CD-A24F-50D8E99DC43F}.Debug|x86.Build.0 = Debug|Win32
		{C7E64FD0-A308-40CD-A24F-50D8E99DC43F}.Release|x64.ActiveCfg = Release|x64
		{C7E64FD0-A308-40CD-A24F-50D8E99DC43F}.Release|x64.Build.0 = Release|x64
		{C7E64FD0-A308-40CD-A24F-50D8E99DC43F}.Release|x86.ActiveCfg = Release|Win32
		{C7E64FD0-A308-40CD-A24F-50D8E99DC43F}.Release|x86.Build.0 = Release|Win32
		{D23DE237-94F3-478E-828F-A891C285B287}.Debug|x64.ActiveCfg = Debug|x64
		{D23DE237-94F3-478E-828F-A891C285B287}.Debug|x64.Build.0 = Debug|x64
		{D23DE237-94F3-478E-828F-A891C285B287}.Debug|x86.ActiveCfg = Debug|Win32
		{D23DE237-94F3-478E-828F-A891C285B287}.Debug|x86.Build.0 = Debug|Win32
		{D23DE237-94F3-478E-828F-A891C285B287}.Release|x64.ActiveCfg = Release|x64
		{D23DE237-94F3-478E-828F-A891C285B287}.Release|x64.Build.0 = Release|x64
		{D23DE237-94F3-478E-828F-A891C285B287}.Release|x86.ActiveCfg = Release|Win32
		{D23DE237-94F3-478E-828F-A891C285B287}.Release|x86.Build.0 = Release|Win32
		{38F2CCD2-C15E-4F99-BC2F-33577857F33E}.Debug|x64.ActiveCfg = Debug|x64
		{38F2CCD2-C15E-4F99-BC2F-33577857F33E}.Debug|x64.Build.0 = Debug|x64
		{38F2CCD2-C15E-4F99-BC2F-33577857F33E}.Debug|x86.ActiveCfg = Debug|Win32
		{38F2CCD2-C15E-4F99-BC2F-33577857F33E}.Debug|x86.Build.0 = Debug|Win32
		{38F2CCD2-C15E-4F99-BC2F-33577857F33E}.Release|x64.ActiveCfg = Release|x64
		{38F2CCD2-C15E-4F99-BC2F-33577857F33E}.Release|x64.Build.0 = Release|x64
		{38F2CCD2-C15E-4F99-BC2F-33577857F33E}.Release|x86.ActiveCfg = Release|Win32
		{38F2CCD2-C15E-4F99-BC2F-33577857F33E}.Release|x86.Build.0 = Release|Win32
		{6E8F19CE-EEC9-443C-A963-444B47381919}.Debug|x64.ActiveCfg = Debug|x64
		{6E8F19CE-EEC9-443C-A963-444B47381919}.Debug|x64.Build.0 = Debug|x64
		{6E8F19CE-EEC9-443C-A963-444B47381919}.Debug|x86.ActiveCfg = Debug|Win32
		{6E8F19CE-EEC9-443C-A963-444B47381919}.Debug|x86.Build.0 = Debug|Win32
		{6E8F19CE-EEC9-443C-A963-444B47381919}.Release|x64.ActiveCfg = Release|x64
		{6E8F19CE-EEC9-443C-A963-444B47381919}.Release|x64.Build.0 = Release|x64
		{6E8F19CE-EEC9-443C-A963-444B47381919}.Release|x86.ActiveCfg = Release|Win32
		{6E8F19CE-EEC9-443C-A963-444B47381919}.Release|x86.Build.0 = Release|Win32
		{65BAC27A-0FC6-49AE-85CF-4C27A9EB2FB2}.Debug|x64.ActiveCfg = Debug|x64
		{65BAC27A-0FC6-49AE-85CF-4C27A9EB2FB2}.Debug|x64.Build.0 = Debug|x64
		{65BAC27A-0FC6-49AE-85CF-4C27A9EB2FB2}.Debug|x86.ActiveCfg = Debug|Win32
		{65BAC27A-0FC6-49AE-85CF-4C27A9EB2FB2}.Debug|x86.Build.0 = Debug|Win32
		{65BAC27A-0FC6-49AE-85CF-4C27A9EB2FB2}.Release|x64.ActiveCfg = Release|x64
		{65BAC27A-0FC6-49AE-85CF-4C27A9EB2FB2}.Release|x64.Build.0 = Release|x64
		{65BAC27A-0FC6-49AE-85CF-4C27A9EB2FB2}.Release|x86.ActiveCfg = Release|Win32
		{65BAC27A-0FC6-49AE-85CF-4C27A9EB2FB2}.Release|x86.Build.0 = Release|Win32
		{17F49482-1DFB-4FD1-830A-70C09C6A810D}.Debug|x64.ActiveCfg = Debug|x64
		{17F49482-1DFB-4FD1-830A-70C09C6A810D}.Debug|x64.Build.0 = Debug|x64
		{17F49482-1DFB-4FD1-830A-70C09C6A810D}.Debug|x86.ActiveCfg = Debug|Win32
		{17F49482-1DFB-4FD1-830A-70C09C6A810D}.Debug|x86.Build.0 = Debug|Win32
		{17F49482-1DFB-4FD1-830A-70C09C6A810D}.Release|x64.ActiveCfg = Release|x64
		{17F49482-1DFB-4FD1-830A-70C09C6A810D}.Release|x64.Build.0 = Release|x64
		{17F49482-1DFB-4FD1-830A-70C09C6A810D}.Release|x86.ActiveCfg = Release|Win32
		{17F49482-1DFB-4FD1-830A-70C09C6A810D}.Release|x86.Build.0 = Release|Win32
		{8A9B2B1B-8713-4ED2-8261-E4EA2D019738}.Debug|x64.ActiveCfg = Debug|x64
		{8A9B2B1B-8713-4ED2-8261-E4EA2D019738}.Debug|x64.Build.0 = Debug|x64
		{8A9B2B1B-8713-4ED2-8261-E4EA2D019738}.Debug|x86.ActiveCfg = Debug|Win32
		{8A9B2B1B-8713-4ED2-8261-E4EA2D019738}.Debug|x86.Build.0 = Debug|Win32
		{8A9B2B1B-8713-4ED2-8261-E4EA2D019738}.Release|x64.ActiveCfg = Release|x64
		{8A9B2B1B-8713-4ED2-8261-E4EA2D019738}.Release|x64.Build.0 = Release|x64
		{8A9B2B1B-8713-4ED2-8261-E4EA2D019738}.Release|x86.ActiveCfg = Release|Win32
		{8A9B2B1B-8713-4ED2-8261-E4EA2D019738}.Release|x86.Build.0 = Release|Win32
		{DA27D31F-BF43-4C04-B2EB-CA8EDD192FC5}.Debug|x64.ActiveCfg = Debug|x64
		{DA27D31F-BF43-4C04-B2EB-CA8EDD192FC5}.Debug|x64.Build.0 = Debug|x64
		{DA27D31F-BF43-4C04-B2EB-CA8EDD192FC5}.Debug|x86.ActiveCfg = Debug|Win32
		{DA27D31F-BF43-4C04-B2EB-CA8EDD192FC5}.Debug|x86.Build.0 = Debug|Win32
		{DA27D31F-BF43-4C04-B2EB-CA8EDD192FC5}.Release|x64.ActiveCfg = Release|x64
		{DA27D31F-BF43-4C04-B2EB-CA8EDD192FC5}.Release|x64.Build.0 = Release|x64
		{DA27D31F-BF43-4C04-B2EB-CA8EDD192FC5}.Release|x86.ActiveCfg = Release|Win32
		{DA27D31F-BF43-4C04-B2EB-CA8EDD192FC5}.Release|x86.Build.0 = Release|Win32
		{7C46E81A-A6AA-4B8B-B51C-0B84C99BCF27}.Debug|x64.ActiveCfg = Debug|x64
		{7C46E81A-A6AA-4B8B-B51C-0B84C99BCF27}.Debug|x64.Build.0 = Debug|x64
		{7C46E81A-A6AA-4B8B-B51C-0B84C99BCF27}.Debug|x86.ActiveCfg = Debug|Win32
		{7C46E81A-A6AA-4B8B-B51C-0B84C99BCF27}.Debug|x86.Build.0 = Debug|Win32
		{7C46E81A-A6AA-4B8B-B51C-0B84C99BCF27}.Release|x64.ActiveCfg = Release|x64
		{7C46E81A-A6AA-4B8B-B51C-0B84C99BCF27}.Release|x64.Build.0 = Release|x64
		{7C46E81A-A6AA-4B8B-B51C-0B84C99BCF27}.Release|x86.ActiveCfg = Release|Win32
		{7C46E81A-A6AA-4B8B-B51C-0B84C99BCF27}.Release|x86.Build.0 = Release|Win32
		{05F1E125-C1C4-4250-8149-2F619CE52768}.Debug|x64.ActiveCfg = Debug|x64
		{05F1E125-C1C4-4250-8149-2F619CE52768}.Debug|x64.Build.0 = Debug|x64
		{05F1E125-C1C4-4250-8149-2F619CE52768}.Debug|x86.ActiveCfg = Debug|Win32
		{05F1E125-C1C4-4250-8149-2F619CE52768}.Debug|x86.Build.0 = Debug|Win32
		{05F1E125-C1C4-4250-8149-2F619CE52768}.Release|x64.ActiveCfg = Release|x64
		{05F1E125-C1C4-4250-8149-2F619CE52768}.Release|x64.Build.0 = Release|x64
		{05F1E125-C1C4-4250-8149-2F619CE52768}.Release|x86.ActiveCfg = Release|Win32
		{05F1E125-C1C4-4250-8149-2F619CE52768}.Release|x86.Build.0 = Release|Win32
		{663F92E9-D42F-49FC-99DD-D219A43E6FEB}.Debug|x64.ActiveCfg = Debug|x64
		{663F92E9-D42F-49FC-99DD-D219A43E6FEB}.Debug|x64.Build.0 = Debug|x64
		{663F92E9-D42F-49FC-99DD-D219A43E6FEB}.Debug|x86.ActiveCfg = Debug|Win32
		{663F92E9-D42F-49FC-99DD-D219A43E6FEB}.Debug|x86.Build.0 = Debug|Win32
		{663F92E9-D42F-49FC-99DD-D219A43E6FEB}.Release|x64.ActiveCfg = Release|x64
		{663F92E9-D42F-49FC-99DD-D219A43E6FEB}.Release|x64.Build.0 = Release|x64
		{663F92E9-D42F-49FC-99DD-D219A43E6FEB}.Release|x86.ActiveCfg = Release|Win32
		{663F92E9-D42F-49FC-99DD-D219A43E6FEB}.Release|x86.Build.0 = Release|Win32
		{0E5BFABD-6B45-4653-AEC5-A7064B650039}.Debug|x64.ActiveCfg = Debug|x64
		{0E5BFABD-6B45-4653-AEC5-A7064B650039}.Debug|x64.Build.0 = Debug|x64
		{0E5BFABD-6B45-4653-AEC5-A7064B650039}.Debug|x86.ActiveCfg = Debug|Win32
		{0E5BFABD-6B45-4653-AEC5-A7064B650039}.Debug|x86.Build.0 = Debug|Win32
		{0E5BFABD-6B45-4653-AEC5-A7064B650039}.Release|x64.ActiveCfg = Release|x64
		{0E5BFABD-6B45-4653-AEC5-A7064B650039}.Release|x64.Build.0 = Release|x64
		{0E5BFABD-6B45-4653-AEC5-A7064B650039}.Release|x86.ActiveCfg = Release|Win32
		{0E5BFABD-6B45-4653-AEC5-A7064B650039}.Release|x86.Build.0 = Release|Win32
		{A0B06263-5F61-4B90-8B5C-AD06AF9D2864}.Debug|x64.ActiveCfg = Debug|x64
		{A0B06263-5F61-4B90-8B5C-AD06AF9D2864}.Debug|x64.Build.0 = Debug|x64
		{A0B06263-5F61-4B90-8B5C-AD06AF9D2864}.Debug|x86.ActiveCfg = Debug|Win32
		{A0B06263-5F61-4B90-8B5C-AD06AF9D2864}.Debug|x86.Build.0 = Debug|Win32
		{A0B06263-5F61-4B90-8B5C-AD06AF9D2864}.Release|x64.ActiveCfg = Release|x64
		{A0B06263-5F61-4B90-8B5C-AD06AF9D2864}.Release|x64.Build.0 = Release|x64
		{A0B06263-5F61-4B90-8B5C-AD06AF9D2864}.Release|x86.ActiveCfg = Release|Win32
		{A0B06263-5F61-4B90-8B5C-AD06AF9D2864}.Release|x86.Build.0 = Release|Win32
		{C1721370-8E4E-4126-BC75-3F1AC1928E56}.Debug|x64.ActiveCfg = Debug|x64
		{C1721370-8E4E-4126-BC75-3F1AC1928E56}.Debug|x64.Build.0 = Debug|x64
		{C1721370-8E4E-4126-BC75-3F1AC1928E56}.Debug|x86.ActiveCfg = Debug|Win32
		{C1721370-8E4E-4126-BC75-3F1AC1928E56}.Debug|x86.Build.0 = Debug|Win32
		{C1721370-8E4E-4126-BC75-3F1AC1928E56}.Release|x64.ActiveCfg = Release|x64
		{C1721370-8E4E-4126-BC75-3F1AC1928E56}.Release|x64.Build.0 = Release|x64
		{C1721370-8E4E-4126-BC75-3F1AC1928E56}.Release|x86.ActiveCfg = Release|Win32
		{C1721370-8E4E-4126-BC75-3F1AC1928E56}.Release|x86.Build.0 = Release|Win32
		{9962AFC6-1D90-4776-AB5F-79581D832379}.Debug|x64.ActiveCfg = Debug|x64
		{9962AFC6-1D90-4776-AB5F-79581D832379}.Debug|x64.Build.0 = Debug|x64
		{9962AFC6-1D90-4776-AB5F-79581D832379}.Debug|x86.ActiveCfg = Debug|Win32
		{9962AFC6-1D90-4776-AB5F-79581D832379}.Debug|x86.Build.0 = Debug|Win32
		{9962AFC6-1D90-4776-AB5F-79581D832379}.Release|x64.ActiveCfg = Release|x64
		{9962AFC6-1D90-4776-AB5F-79581D832379}.Release|x64.Build.0 = Release|x64
		{9962AFC6-1D90-4776-AB5F-79581D832379}.Release|x86.ActiveCfg = Release|Win32
		{9962AFC6-1D90-4776-AB5F-79581D832379}.Release|x86.Build.0 = Release|Win32
		{DCAB402D-CE27-461F-BCED-8053461D8413}.Debug|x64.ActiveCfg = Debug|x64
		{DCAB402D-CE27-461F-BCED-8053461D8413}.Debug|x64.Build.0 = Debug|x64
		{DCAB402D-CE27-461F-BCED-8053461D8413}.Debug|x86.ActiveCfg = Debug|Win32
		{DCAB402D-CE27-461F-BCED-8053461D8413}.Debug|x86.Build.0 = Debug|Win32
		{DCAB402D-CE27-461F-BCED-8053461D8413}.Release|x64.ActiveCfg = Release|x64
		{DCAB402D-CE27-461F-BCED-8053461D8413}.Release|x64.Build.0 = Release|x64
		{DCAB402D-CE27-461F-BCED-8053461D8413}.Release|x86.ActiveCfg = Release|Win32
		{DCAB402D-CE27-461F-BCED-8053461D8413}.Release|x86.Build.0 = Release|Win32
		{F8B28D5A-3E96-4ED0-AF0F-D83CC74C793B}.Debug|x64.ActiveCfg = Debug|x64
		{F8B28D5A-3E96-4ED0-AF0F-D83CC74C793B}.Debug|x64.Build.0 = Debug|x64
		{F8B28D5A-3E96-4ED0-AF0F-D83CC74C793B}.Debug|x86.ActiveCfg = Debug|Win32
		{F8B28D5A-3E96-4ED0-AF0F-D83CC74C793B}.Debug|x86.Build.0 = Debug|Win32
		{F8B28D5A-3E96-4ED0-AF0F-D83CC74C793B}.Release|x64.ActiveCfg = Release|x64
		{F8B28D5A-3E96-4ED0-AF0F-D83CC74C793B}.Release|x64.Build.0 = Release|x64
		{F8B28D5A-3E96-4ED0-AF0F-D83CC74C793B}.Release|x86.ActiveCfg = Release|Win32
		{F8B28D5A-3E96-4ED0-AF0F-D83CC74C793B}.Release|x86.Build.0 = Release|Win32
		{A9134CD6-40C5-4053-8200-22BA5D416CEE}.Debug|x64.ActiveCfg = Debug|x64
		{A9134CD6-40C5-4053-8200-22BA5D416CEE}.Debug|x64.Build.0 = Debug|x64
		{A9134CD6-40C5-4053-8200-22BA5D416CEE}.Debug|x86.ActiveCfg = Debug|Win32
		{A9134CD6-40C5-4053-8200-22BA5D416CEE}.Debug|x86.Build.0 = Debug|Win32
		{A9134CD6-40C5-4053-8200-22BA5D416CEE}.Release|x64.ActiveCfg = Release|x64
		{A9134CD6-40C5-4053-8200-22BA5D416CEE}.Release|x64.Build.0 = Release|x64
		{A9134CD6-40C5-4053-8200-22BA5D416CEE}.Release|x86.ActiveCfg = Release|Win32
		{A9134CD6-40C5-4053-8200-22BA5D416CEE}.Release|x86.Build.0 = Release|Win32
		{3FA58EAD-0320-458E-8050-3C0BB5BF8683}.Debug|x64.ActiveCfg = Debug|x64
		{3FA58EAD-0320-458E-8050-3C0BB5BF8683}.Debug|x64.Build.0 = Debug|x64
		{3FA58EAD-0320-458E-8050-3C0BB5BF8683}.Debug|x86.ActiveCfg = Debug|Win32
		{3FA58EAD-0320-458E-8050-3C0BB5BF8683}.Debug|x86.Build.0 = Debug|Win32
		{3FA58EAD-0320-458E-8050-3C0BB5BF8683}.Release|x64.ActiveCfg = Release|x64
		{3FA58EAD-0320-458E-8050-3C0BB5BF8683}.Release|x64.Build.0 = Release|x64
		{3FA58EAD-0320-458E-8050-3C0BB5BF8683}.Release|x86.ActiveCfg = Release|Win32
		{3FA58EAD-0320-458E-8050-3C0BB5BF8683}.Release|x86.Build.0 = Release|Win32
		{260892B0-725C-475D-849F-0C645E46B175}.Debug|x64.ActiveCfg = Debug|x64
		{260892B0-725C-475D-849F-0C645E46B175}.Debug|x64.Build.0 = Debug|x64
		{260892B0-725C-475D-849F-0C645E46B175}.Debug|x86.ActiveCfg = Debug|Win32
		{260892B0-725C-475D-849F-0C645E46B175}.Debug|x86.Build.0 = Debug|Win32
		{260892B0-725C-475D-849F-0C645E46B175}.Release|x64.ActiveCfg = Release|x64
		{260892B0-725C-475D-849F-0C645E46B175}.Release|x64.Build.0 = Release|x64
		{260892B0-725C-475D-849F-0C645E46B175}.Release|x86.ActiveCfg = Release|Win32
		{260892B0-725C-475D-849F-0C645E46B175}.Release|x86.Build.0 = Release|Win32
		{504DDD73-B20D-4D2C-AC5C-2F63F4CDC038}.Debug|x64.ActiveCfg = Debug|x64
		{504DDD73-B20D-4D2C-AC5C-2F63F4CDC038}.Debug|x64.Build.0 = Debug|x64
		{504DDD73-B20D-4D2C-AC5C-2F63F4CDC038}.Debug|x86.ActiveCfg = Debug|Win32
		{504DDD73-B20D-4D2C-AC5C-2F63F4CDC038}.Debug|x86.Build.0 = Debug|Win32
		{504DDD73-B20D-4D2C-AC5C-2F63F4CDC038}.Release|x64.ActiveCfg = Release|x64
		{504DDD73-B20D-4D2C-AC5C-2F63F4CDC038}.Release|x64.Build.0 = Release|x64
		{504DDD73-B20D-4D2C-AC5C-2F63F4CDC038}.Release|x86.ActiveCfg = Release|Win32
		{504DDD73-B20D-4D2C-AC5C-2F63F4CDC038}.Release|x86.Build.0 = Release|Win32
		{7FA5EC4E-9E9D-4E7C-9DEA-022E6D3F7B0E}.Debug|x64.ActiveCfg = Debug|x64
		{7FA5EC4E-9E9D-4E7C-9DEA-022E6D3F7B0E}.Debug|x64.Build.0 = Debug|x64
		{7FA5EC4E-9E9D-4E7C-9DEA-022E6D3F7B0E}.Debug|x86.ActiveCfg = Debug|Win32
		{7FA5EC4E-9E9D-4E7C-9DEA-022E6D3F7B0E}.Debug|x86.Build.0 = Debug|Win32
		{7FA5EC4E-9E9D-4E7C-9DEA-022E6D3F7B0E}.Release|x64.ActiveCfg = Release|x64
		{7FA5EC4E-9E9D-4E7C-9DEA-022E6D3F7B0E}.Release|x64.Build.0 = Release|x64
		{7FA5EC4E-9E9D-4E7C-9DEA-022E6D3F7B0E}.Release|x86.ActiveCfg = Release|Win32
		{7FA5EC4E-9E9D-4E7C-9DEA-022E6D3F7B0E}.Release|x86.Build.0 = Release|Win32
		{1166DF7F-F887-4040-9F73-3DC61095C732}.Debug|x64.ActiveCfg = Debug|x64
		{1166DF7F-F887-4040-9F73-3DC61095C732}.Debug|x64.Build.0 = Debug|x64
		{1166DF7F-F887-4040-9F73-3DC61095C732}.Debug|x86.ActiveCfg = Debug|Win32
		{1166DF7F-F887-4040-9F73-3DC61095C732}.Debug|x86.Build.0 = Debug|Win32
		{1166DF7F-F887-4040-9F73-3DC61095C732}.Release|x64.ActiveCfg = Release|x64
		{1166DF7F-F887-4040-9F73-3DC61095C732}.Release|x64.Build.0 = Release|x64
		{1166DF7F-F887-4040-9F73-3DC61095C732}.Release|x86.ActiveCfg = Release|Win32
		{1166DF7F-F887-4040-9F73-3DC61095C732}.Release|x86.Build.0 = Release|Win32
		{92E3A82D-0187-4F63-8770-3E963EBC4788}.Debug|x64.ActiveCfg = Debug|x64
		{92E3A82D-0187-4F63-8770-3E963EBC4788}.Debug|x64.Build.0 = Debug|x64
		{92E3A82D-0187-4F63-8770-3E963EBC4788}.Debug|x86.ActiveCfg = Debug|Win32
		{92E3A82D-0187-4F63-8770-3E963EBC4788}.Debug|x86.Build.0 = Debug|Win32
		{92E3A82D-0187-4F63-8770-3E963EBC4788}.Release|x64.ActiveCfg = Release|x64
		{92E3A82D-0187-4F63-8770-3E963EBC4788}.Release|x64.Build.0 = Release|x64
		{92E3A82D-0187-4F63-8770-3E963EBC4788}.Release|x86.ActiveCfg = Release|Win32
		{92E3A82D-0187-4F63-8770-3E963EBC4788}.Release|x86.Build.0 = Release|Win32
		{C6348566-4FB6-41DE-99DE-286956AE2CF2}.Debug|x64.ActiveCfg = Debug|x64
		{C6348566-4FB6-41DE-99DE-286956AE2CF2}.Debug|x64.Build.0 = Debug|x64
		{C6348566-4FB6-41DE-99DE-286956AE2CF2}.Debug|x86.ActiveCfg = Debug|Win32
		{C6348566-4FB6-41DE-99DE-286956AE2CF2}.Debug|x86.Build.0 = Debug|Win32
		{C6348566-4FB6-41DE-99DE-286956AE2CF2}.Release|x64.ActiveCfg = Release|x64
		{C6348566-4FB6-41DE-99DE-286956AE2CF2}.Release|x64.Build.0 = Release|x64
		{C6348566-4FB6-41DE-99DE-286956AE2CF2}.Release|x86.ActiveCfg = Release|Win32
		{C6348566-4FB6-41DE-99DE-286956AE2CF2}.Release|x86.Build.0 = Release|Win32
		{834B0EA2-FD5E-4E05-BB9F-401F697BAC2E}.Debug|x64.ActiveCfg = Debug|x64
		{834B0EA2-FD5E-4E05-BB9F-401F697BAC2E}.Debug|x64.Build.0 = Debug|x64
		{834B0EA2-FD5E-4E05-BB9F-401F697BAC2E}.Debug|x86.ActiveCfg = Debug|Win32
		{834B0EA2-FD5E-4E05-BB9F-401F697BAC2E}.Debug|x86.Build.0 = Debug|Win32
		{834B0EA2-FD5E-4E05-BB9F-401F697BAC2E}.Release|x64.ActiveCfg = Release|x64
		{834B0EA2-FD5E-4E05-BB9F-401F697BAC2E}.Release|x64.Build.0 = Release|x64
		{834B0EA2-FD5E-4E05-BB9F-401F697BAC2E}.Release|x86.ActiveCfg = Release|Win32
		{834B0EA2-FD5E-4E05-BB9F-401F697BAC2E}.Release|x86.Build.0 = Release|Win32
		{D40CD16B-52F0-4C65-8117-B13304B949F9}.Debug|x64.ActiveCfg = Debug|x64
		{D40CD16B-52F0-4C65-8117-B13304B949F9}.Debug|x64.Build.0 = Debug|x64
		{D40CD16B-52F0-4C65-8117-B13304B949F9}.Debug|x86.ActiveCfg = Debug|Win32
		{D40CD16B-52F0-4C65-8117-B13304B949F9}.Debug|x86.Build.0 = Debug|Win32
		{D40CD16B-52F0-4C65-8117-B13304B949F9}.Release|x64.ActiveCfg = Release|x64
		{D40CD16B-52F0-4C65-8117-B13304B949F9}.Release|x64.Build.0 = Release|x64
		{D40CD16B-52F0-4C65-8117-B13304B949F9}.Release|x86.ActiveCfg = Release|Win32
		{D40CD16B-52F0-4C65-8117-B13304B949F9}.Release|x86.Build.0 = Release|Win32
		{605A8F93-00C3-44C8-814E-95F380F478B2}.Debug|x64.ActiveCfg = Debug|x64
		{605A8F93-00C3-44C8-814E-95F380F478B2}.Debug|x64.Build.0 = Debug|x64
		{605A8F93-00C3-44C8-814E-95F380F478B2}.Debug|x86.ActiveCfg = Debug|Win32
		{605A8F93-00C3-44C8-814E-95F380F478B2}.Debug|x86.Build.0 = Debug|Win32
		{605A8F93-00C3-44C8-814E-95F380F478B2}.Release|x64.ActiveCfg = Release|x64
		{605A8F93-00C3-44C8-814E-95F380F478B2}.Release|x64.Build.0 = Release|x64
		{605A8F93-00C3-44C8-814E-95F380F478B2}.Release|x86.ActiveCfg = Release|Win32
		{605A8F93-00C3-44C8-814E-95F380F478B2}.Release|x86.Build.0 = Release|Win32
		{4ED9E8ED-3023-4FEA-9136-177C0DC2DBF1}.Debug|x64.ActiveCfg = Debug|x64
		{4ED9E8ED-3023-4FEA-9136-177C0DC2DBF1}.Debug|x64.Build.0 = Debug|x64
		{4ED9E8ED-3023-4FEA-9136-177C0DC2DBF1}.Debug|x86.ActiveCfg = Debug|Win32
		{4ED9E8ED-3023-4FEA-9136-177C0DC2DBF1}.Debug|x86.Build.0 = Debug|Win32
		{4ED9E8ED-3023-4FEA-9136-177C0DC2DBF1}.Release|x64.ActiveCfg = Release|x64
		{4ED9E8ED-3023-4FEA-9136-177C0DC2DBF1}.Release|x64.Build.0 = Release|x64
		{4ED9E8ED-3023-4FEA-9136-177C0DC2DBF1}.Release|x86.ActiveCfg = Release|Win32
		{4ED9E8ED-3023-4FEA-9136-177C0DC2DBF1}.Release|x86.Build.0 = Release|Win32
		{66D1D57B-7025-4E2F-AA27-231DD498D600}.Debug|x64.ActiveCfg = Debug|x64
		{66D1D57B-7025-4E2F-AA27-231DD498D600}.Debug|x64.Build.0 = Debug|x64
		{66D1D57B-7025-4E2F-AA27-231DD498D600}.Debug|x86.ActiveCfg = Debug|Win32
		{66D1D57B-7025-4E2F-AA27-231DD498D600}.Debug|x86.Build.0 = Debug|Win32
		{66D1D57B-7025-4E2F-AA27-231DD498D600}.Release|x64.ActiveCfg = Release|x64
		{66D1D57B-7025-4E2F-AA27-231DD498D600}.Release|x64.Build.0 = Release|x64
		{66D1D57B-7025-4E2F-AA27-231DD498D600}.Release|x86.ActiveCfg = Release|Win32
		{66D1D57B-7025-4E2F-AA27-231DD498D600}.Release|x86.Build.0 = Release|Win32
		{45E96EFE-0C92-4295-B54D-D563B12613D3}.Debug|x64.ActiveCfg = Debug|x64
		{45E96EFE-0C92-4295-B54D-D563B12613D3}.Debug|x64.Build.0 = Debug|x64
		{45E96EFE-0C92-4295-B54D-D563B12613D3}.Debug|x86.ActiveCfg = Debug|Win32
		{45E96EFE-0C92-4295-B54D-D563B12613D3}.Debug|x86.Build.0 = Debug|Win32
		{45E96EFE-0C92-4295-B54D-D563B12613D3}.Release|x64.ActiveCfg = Release|x64
		{45E96EFE-0C92-4295-B54D-D563B12613D3}.Release|x64.Build.0 = Release|x64
		{45E96EFE-0C92-4295-B54D-D563B12613D3}.Release|x86.ActiveCfg = Release|Win32
		{45E96EFE-0C92-4295-B54D-D563B12613D3}.Release|x86.Build.0 = Release|Win32
		{CDF005E5-B59F-4797-B42E-DC1522ACD3DD}.Debug|x64.ActiveCfg = Debug|x64
		{CDF005E5-B59F-4797-B42E-DC1522ACD3DD}.Debug|x64.Build.0 = Debug|x64
		{CDF005E5-B59F-4797-B42E-DC1522ACD3DD}.Debug|x86.ActiveCfg = Debug|Win32
		{CDF005E5-B59F-4797-B42E-DC1522ACD3DD}.Debug|x86.Build.0 = Debug|Win32
		{CDF005E5-B59F-4797-B42E-DC1522ACD3DD}.Release|x64.ActiveCfg = Release|x64
		{CDF005E5-B59F-4797-B42E-DC1522ACD3DD}.Release|x64.Build.0 = Release|x64
		{CDF005E5-B59F-4797-B42E-DC1522ACD3DD}.Release|x86.ActiveCfg = Release|Win32
		{CDF005E5-B59F-4797-B42E-DC1522ACD3DD}.Release|x86.Build.0 = Release|Win32
		{F56919FC-67E2-4FA9-BDEA-73E5DFEB80AB}.Debug|x64.ActiveCfg = Debug|x64
		{F56919FC-67E2-4FA9-BDEA-73E5DFEB80AB}.Debug|x64.Build.0 = Debug|x64
		{F56919FC-67E2-4FA9-BDEA-73E5DFEB80AB}.Debug|x86.ActiveCfg = Debug|Win32
		{F56919FC-67E2-4FA9-BDEA-73E5DFEB80AB}.Debug|x86.Build.0 = Debug|Win32
		{F56919FC-67E2-4FA9-BDEA-73E5DFEB80AB}.Release|x64.ActiveCfg = Release|x64
		{F56919FC-67E2-4FA9-BDEA-73E5DFEB80AB}.Release|x64.Build.0 = Release|x64
		{F56919FC-67E2-4FA9-BDEA-73E5DFEB80AB}.Release|x86.ActiveCfg = Release|Win32
		{F56919FC-67E2-4FA9-BDEA-73E5DFEB80AB}.Release|x86.Build.0 = Release|Win32
		{0DF2A881-FBC9-4408-B658-C467936F0F1E}.Debug|x64.ActiveCfg = Debug|x64
		{0DF2A881-FBC9-4408-B658-C467936F0F1E}.Debug|x64.Build.0 = Debug|x64
		{0DF2A881-FBC9-4408-B658-C467936F0F1E}.Debug|x86.ActiveCfg = Debug|Win32
		{0DF2A881-FBC9-4408-B658-C467936F0F1E}.Debug|x86.Build.0 = Debug|Win32
		{0DF2A881-FBC9-4408-B658-C467936F0F1E}.Release|x64.ActiveCfg = Release|x64
		{0DF2A881-FBC9-4408-B658-C467936F0F1E}.Release|x64.Build.0 = Release|x64
		{0DF2A881-FBC9-4408-B658-C467936F0F1E}.Release|x86.ActiveCfg = Release|Win32
		{0DF2A881-FBC9-4408-B658-C467936F0F1E}.Release|x86.Build.0 = Release|Win32
		{7288CDBD-1A00-4896-987A-DF49DEE07245}.Debug|x64.ActiveCfg = Debug|x64
		{7288CDBD-1A00-4896-987A-DF49DEE07245}.Debug|x64.Build.0 = Debug|x64
		{7288CDBD-1A00-4896-987A-DF49DEE07245}.Debug|x86.ActiveCfg = Debug|Win32
		{7288CDBD-1A00-4896-987A-DF49DEE07245}.Debug|x86.Build.0 = Debug|Win32
		{7288CDBD-1A00-4896-987A-DF49DEE07245}.Release|x64.ActiveCfg = Release|x64
		{7288CDBD-1A00-4896-987A-DF49DEE07245}.Release|x64.Build.0 = Release|x64
		{7288CDBD-1A00-4896-987A-DF49DEE07245}.Release|x86.ActiveCfg = Release|Win32
		{7288CDBD-1A00-4896-987A-DF49DEE07245}.Release|x86.Build.0 = Release|Win32
		{AC196513-7EC8-46A8-8BF1-D4A7850D1DBD}.Debug|x64.ActiveCfg = Debug|x64
		{AC196513-7EC8-46A8-8BF1-D4A7850D1DBD}.Debug|x64.Build.0 = Debug|x64
		{AC196513-7EC8-46A8-8BF1-D4A7850D1DBD}.Debug|x86.ActiveCfg = Debug|Win32
		{AC196513-7EC8-46A8-8BF1-D4A7850D1DBD}.Debug|x86.Build.0 = Debug|Win32
		{AC196513-7EC8-46A8-8BF1-D4A7850D1DBD}.Release|x64.ActiveCfg = Release|x64
		{AC196513-7EC8-46A8-8BF1-D4A7850D1DBD}.Release|x64.Build.0 = Release|x64
		{AC196513-7EC8-46A8-8BF1-D4A7850D1DBD}.Release|x86.ActiveCfg = Release|Win32
		{AC196513-7EC8-46A8-8BF1-D4A7850D1DBD}.Release|x86.Build.0 = Release|Win32
		{F5A70488-FA87-4E1E-B84D-79A40D77A645}.Debug|x64.ActiveCfg = Debug|x64
		{F5A70488-FA87-4E1E-B84D-79A40D77A645}.Debug|x64.Build.0 = Debug|x64
		{F5A70488-FA87-4E1E-B84D-79A40D77A645}.Debug|x86.ActiveCfg = Debug|Win32
		{F5A70488-FA87-4E1E-B84D-79A40D77A645}.Debug|x86.Build.0 = Debug|Win32
		{F5A70488-FA87-4E1E-B84D-79A40D77A645}.Release|x64.ActiveCfg = Release|x64
		{F5A70488-FA87-4E1E-B84D-79A40D77A645}.Release|x64.Build.0 = Release|x64
		{F5A70488-FA87-4E1E-B84D-79A40D77A645}.Release|x86.ActiveCfg = Release|Win32
		{F5A70488-FA87-4E1E-B84D-79A40D77A645}.Release|x86.Build.0 = Release|Win32
		{63C66B0E-803A-4ABE-B45A-0D5911893498}.Debug|x64.ActiveCfg = Debug|x64
		{63C66B0E-803A-4ABE-B45A-0D5911893498}.Debug|x64.Build.0 = Debug|x64
		{63C66B0E-803A-4ABE-B45A-0D5911893498}.Debug|x86.ActiveCfg = Debug|Win32
		{63C66B0E-803A-4ABE-B45A-0D5911893498}.Debug|x86.Build.0 = Debug|Win32
		{63C66B0E-803A-4ABE-B45A-0D5911893498}.Release|x64.ActiveCfg = Release|x64
		{63C66B0E-803A-4ABE-B45A-0D5911893498}.Release|x64.Build.0 = Release|x64
		{63C66B0E-803A-4ABE-B45A-0D5911893498}.Release|x86.ActiveCfg = Release|Win32
		{63C66B0E-803A-4ABE-B45A-0D5911893498}.Release|x86.Build.0 = Release|Win32
		{7D642282-4504-41ED-86CF-75C833361E92}.Debug|x64.ActiveCfg = Debug|x64
		{7D642282-4504-41ED-86CF-75C833361E92}.Debug|x64.Build.0 = Debug|x64
		{7D642282-4504-41ED-86CF-75C833361E92}.Debug|x86.ActiveCfg = Debug|Win32
		{7D642282-4504-41ED-86CF-75C833361E92}.Debug|x86.Build.0 = Debug|Win32
		{7D642282-4504-41ED-86CF-75C833361E92}.Release|x64.ActiveCfg = Release|x64
		{7D642282-4504-41ED-86CF-75C833361E92}.Release|x64.Build.0 = Release|x64
		{7D642282-4504-41ED-86CF-75C833361E92}.Release|x86.ActiveCfg = Release|Win32
		{7D642282-4504-41ED-86CF-75C833361E92}.Release|x86.Build.0 = Release|Win32
		{EB5D533F-2938-4359-B3F5-D2A50E9F9CD4}.Debug|x64.ActiveCfg = Debug|x64
		{EB5D533F-2938-4359-B3F5-D2A50E9F9CD4}.Debug|x64.Build.0 = Debug|x64
		{EB5D533F-2938-4359-B3F5-D2A50E9F9CD4}.Debug|x86.ActiveCfg = Debug|Win32
		{EB5D533F-2938-4359-B3F5-D2A50E9F9CD4}.Debug|x86.Build.0 = Debug|Win32
		{EB5D533F-2938-4359-B3F5-D2A50E9F9CD4}.Release|x64.ActiveCfg = Release|x64
		{EB5D533F-2938-4359-B3F5-D2A50E9F9CD4}.Release|x64.Build.0 = Release|x64
		{EB5D533F-2938-4359-B3F5-D2A50E9F9CD4}.Release|x86.ActiveCfg = Release|Win32
		{EB5D533F-2938-4359-B3F5-D2A50E9F9CD4}.Release|x86.Build.0 = Release|Win32
	EndGlobalSection
	GlobalSection(SolutionProperties) = preSolution
		HideSolutionNode = FALSE
	EndGlobalSection
	GlobalSection(ExtensibilityGlobals) = postSolution
		SolutionGuid = {128CF48B-34BA-4CCC-B8F6-09360EF5973E}
	EndGlobalSection
EndGlobal
