
Microsoft Visual Studio Solution File, Format Version 12.00
# Visual Studio Version 17
VisualStudioVersion = 17.4.33110.190
MinimumVisualStudioVersion = 10.0.40219.1
Project("{8BC9CEB8-8B4A-11D0-8D11-00A0C91BC942}") = "Hard_C_Study", "Hard_C_Study\Hard_C_Study.vcxproj", "{FAB4F987-4C97-47B4-879E-4640C67B429F}"
EndProject
Project("{8BC9CEB8-8B4A-11D0-8D11-00A0C91BC942}") = "VarDeclAndlnit.c", "VarDeclAndlnit.c\VarDeclAndlnit.c.vcxproj", "{76C7274B-9CF8-4CE0-8550-01F64B8CADAC}"
EndProject
Project("{8BC9CEB8-8B4A-11D0-8D11-00A0C91BC942}") = "SimpleAddTwo.c", "SimpleAddTwo.c\SimpleAddTwo.c.vcxproj", "{C0FAFCBC-18B3-4A20-AFCB-DC67F2EE0FCF}"
EndProject
Project("{8BC9CEB8-8B4A-11D0-8D11-00A0C91BC942}") = "OperatorOne.c", "OperatorOne.c\OperatorOne.c.vcxproj", "{439A69BE-705A-4664-93FE-91EBFC8B293A}"
EndProject
Project("{8BC9CEB8-8B4A-11D0-8D11-00A0C91BC942}") = "OperatorTwo.c", "OperatorTwo.c\OperatorTwo.c.vcxproj", "{9B205A77-81B7-4749-A2AA-18AD12F1FACA}"
EndProject
Project("{8BC9CEB8-8B4A-11D0-8D11-00A0C91BC942}") = "OperatorFour.c", "OperatorFour.c\OperatorFour.c.vcxproj", "{7606E234-7A37-47AE-B6EA-6D4618515672}"
EndProject
Project("{8BC9CEB8-8B4A-11D0-8D11-00A0C91BC942}") = "OperatorFive", "OperatorFive\OperatorFive.vcxproj", "{C33C8DC5-155E-41FA-903A-41F248CD596C}"
EndProject
Project("{8BC9CEB8-8B4A-11D0-8D11-00A0C91BC942}") = "OperatorSix", "OperatorSix\OperatorSix.vcxproj", "{DF9E1C81-BA8E-44B7-89C2-1FAFCC771B53}"
EndProject
Project("{8BC9CEB8-8B4A-11D0-8D11-00A0C91BC942}") = "OperatorSeven", "OperatorSeven\OperatorSeven.vcxproj", "{97D627AF-F172-402D-B922-DC53CF8E4F85}"
EndProject
Project("{8BC9CEB8-8B4A-11D0-8D11-00A0C91BC942}") = "04.SimpleAddThree", "SimpleAddThree\SimpleAddThree.vcxproj", "{C0E740FB-BE55-4087-9566-B840C51C3F56}"
EndProject
Project("{8BC9CEB8-8B4A-11D0-8D11-00A0C91BC942}") = "04.SimpleAdddFour", "SimpleAdddFour\SimpleAdddFour.vcxproj", "{517EFF13-15B9-44D4-9F5B-04AE964322D0}"
EndProject
Project("{8BC9CEB8-8B4A-11D0-8D11-00A0C91BC942}") = "04.Notation", "Notation\Notation.vcxproj", "{3EC5A570-C612-4CCC-944C-069E17ABF84E}"
EndProject
Project("{8BC9CEB8-8B4A-11D0-8D11-00A0C91BC942}") = "04.FloatError", "04.FloatError\04.FloatError.vcxproj", "{399AFC9B-F1A8-47A9-A62F-65EC31F6A9DB}"
EndProject
Project("{8BC9CEB8-8B4A-11D0-8D11-00A0C91BC942}") = "04.BitAndOperation", "04.BitAndOperation\04.BitAndOperation.vcxproj", "{C5A66CE8-EA5A-403C-AC3F-ECA276E7B562}"
EndProject
Project("{8BC9CEB8-8B4A-11D0-8D11-00A0C91BC942}") = "04. BitOperatinon", "04. BitOperatinon\04. BitOperatinon.vcxproj", "{05829F66-D09E-4A7E-A541-EBD014548BC6}"
EndProject
Project("{8BC9CEB8-8B4A-11D0-8D11-00A0C91BC942}") = "04.BitXorOperation", "04.BitXorOperation\04.BitXorOperation.vcxproj", "{FD85881A-72A9-44A5-9EFA-95BF932F40A4}"
EndProject
Project("{8BC9CEB8-8B4A-11D0-8D11-00A0C91BC942}") = "04.BitNotOperation", "04.BitNotOperation\04.BitNotOperation.vcxproj", "{42F9735B-DCAC-4D24-B834-F9B20EE28C30}"
EndProject
Project("{8BC9CEB8-8B4A-11D0-8D11-00A0C91BC942}") = "04.BitLeftShift", "04.BitLeftShift\04.BitLeftShift.vcxproj", "{9F2CBA13-A3E0-4DCB-A021-75BEB10368D5}"
EndProject
Project("{8BC9CEB8-8B4A-11D0-8D11-00A0C91BC942}") = "04.BitRightShift", "04.BitRightShift\04.BitRightShift.vcxproj", "{C8E9ACE0-4166-4427-A9E4-DB4FC1234E7B}"
EndProject
Project("{8BC9CEB8-8B4A-11D0-8D11-00A0C91BC942}") = "05.SizeOfOperator", "05.SizeOfOperator\05.SizeOfOperator.vcxproj", "{10EA0C19-7A15-4B0A-8651-661941E2F752}"
EndProject
Project("{8BC9CEB8-8B4A-11D0-8D11-00A0C91BC942}") = "05.CharShortBaseAdd", "05.CharShortBaseAdd\05.CharShortBaseAdd.vcxproj", "{C7E64FD0-A308-40CD-A24F-50D8E99DC43F}"
EndProject
Project("{8BC9CEB8-8B4A-11D0-8D11-00A0C91BC942}") = "05.CircleArea", "05.CircleArea\05.CircleArea.vcxproj", "{D23DE237-94F3-478E-828F-A891C285B287}"
EndProject
Project("{8BC9CEB8-8B4A-11D0-8D11-00A0C91BC942}") = "05.HowChar", "05.HowChar\05.HowChar.vcxproj", "{38F2CCD2-C15E-4F99-BC2F-33577857F33E}"
EndProject
Global
	GlobalSection(SolutionConfigurationPlatforms) = preSolution
		Debug|x64 = Debug|x64
		Debug|x86 = Debug|x86
		Release|x64 = Release|x64
		Release|x86 = Release|x86
	EndGlobalSection
	GlobalSection(ProjectConfigurationPlatforms) = postSolution
		{FAB4F987-4C97-47B4-879E-4640C67B429F}.Debug|x64.ActiveCfg = Debug|x64
		{FAB4F987-4C97-47B4-879E-4640C67B429F}.Debug|x64.Build.0 = Debug|x64
		{FAB4F987-4C97-47B4-879E-4640C67B429F}.Debug|x86.ActiveCfg = Debug|Win32
		{FAB4F987-4C97-47B4-879E-4640C67B429F}.Debug|x86.Build.0 = Debug|Win32
		{FAB4F987-4C97-47B4-879E-4640C67B429F}.Release|x64.ActiveCfg = Release|x64
		{FAB4F987-4C97-47B4-879E-4640C67B429F}.Release|x64.Build.0 = Release|x64
		{FAB4F987-4C97-47B4-879E-4640C67B429F}.Release|x86.ActiveCfg = Release|Win32
		{FAB4F987-4C97-47B4-879E-4640C67B429F}.Release|x86.Build.0 = Release|Win32
		{76C7274B-9CF8-4CE0-8550-01F64B8CADAC}.Debug|x64.ActiveCfg = Debug|x64
		{76C7274B-9CF8-4CE0-8550-01F64B8CADAC}.Debug|x64.Build.0 = Debug|x64
		{76C7274B-9CF8-4CE0-8550-01F64B8CADAC}.Debug|x86.ActiveCfg = Debug|Win32
		{76C7274B-9CF8-4CE0-8550-01F64B8CADAC}.Debug|x86.Build.0 = Debug|Win32
		{76C7274B-9CF8-4CE0-8550-01F64B8CADAC}.Release|x64.ActiveCfg = Release|x64
		{76C7274B-9CF8-4CE0-8550-01F64B8CADAC}.Release|x64.Build.0 = Release|x64
		{76C7274B-9CF8-4CE0-8550-01F64B8CADAC}.Release|x86.ActiveCfg = Release|Win32
		{76C7274B-9CF8-4CE0-8550-01F64B8CADAC}.Release|x86.Build.0 = Release|Win32
		{C0FAFCBC-18B3-4A20-AFCB-DC67F2EE0FCF}.Debug|x64.ActiveCfg = Debug|x64
		{C0FAFCBC-18B3-4A20-AFCB-DC67F2EE0FCF}.Debug|x64.Build.0 = Debug|x64
		{C0FAFCBC-18B3-4A20-AFCB-DC67F2EE0FCF}.Debug|x86.ActiveCfg = Debug|Win32
		{C0FAFCBC-18B3-4A20-AFCB-DC67F2EE0FCF}.Debug|x86.Build.0 = Debug|Win32
		{C0FAFCBC-18B3-4A20-AFCB-DC67F2EE0FCF}.Release|x64.ActiveCfg = Release|x64
		{C0FAFCBC-18B3-4A20-AFCB-DC67F2EE0FCF}.Release|x64.Build.0 = Release|x64
		{C0FAFCBC-18B3-4A20-AFCB-DC67F2EE0FCF}.Release|x86.ActiveCfg = Release|Win32
		{C0FAFCBC-18B3-4A20-AFCB-DC67F2EE0FCF}.Release|x86.Build.0 = Release|Win32
		{439A69BE-705A-4664-93FE-91EBFC8B293A}.Debug|x64.ActiveCfg = Debug|x64
		{439A69BE-705A-4664-93FE-91EBFC8B293A}.Debug|x64.Build.0 = Debug|x64
		{439A69BE-705A-4664-93FE-91EBFC8B293A}.Debug|x86.ActiveCfg = Debug|Win32
		{439A69BE-705A-4664-93FE-91EBFC8B293A}.Debug|x86.Build.0 = Debug|Win32
		{439A69BE-705A-4664-93FE-91EBFC8B293A}.Release|x64.ActiveCfg = Release|x64
		{439A69BE-705A-4664-93FE-91EBFC8B293A}.Release|x64.Build.0 = Release|x64
		{439A69BE-705A-4664-93FE-91EBFC8B293A}.Release|x86.ActiveCfg = Release|Win32
		{439A69BE-705A-4664-93FE-91EBFC8B293A}.Release|x86.Build.0 = Release|Win32
		{9B205A77-81B7-4749-A2AA-18AD12F1FACA}.Debug|x64.ActiveCfg = Debug|x64
		{9B205A77-81B7-4749-A2AA-18AD12F1FACA}.Debug|x64.Build.0 = Debug|x64
		{9B205A77-81B7-4749-A2AA-18AD12F1FACA}.Debug|x86.ActiveCfg = Debug|Win32
		{9B205A77-81B7-4749-A2AA-18AD12F1FACA}.Debug|x86.Build.0 = Debug|Win32
		{9B205A77-81B7-4749-A2AA-18AD12F1FACA}.Release|x64.ActiveCfg = Release|x64
		{9B205A77-81B7-4749-A2AA-18AD12F1FACA}.Release|x64.Build.0 = Release|x64
		{9B205A77-81B7-4749-A2AA-18AD12F1FACA}.Release|x86.ActiveCfg = Release|Win32
		{9B205A77-81B7-4749-A2AA-18AD12F1FACA}.Release|x86.Build.0 = Release|Win32
		{7606E234-7A37-47AE-B6EA-6D4618515672}.Debug|x64.ActiveCfg = Debug|x64
		{7606E234-7A37-47AE-B6EA-6D4618515672}.Debug|x64.Build.0 = Debug|x64
		{7606E234-7A37-47AE-B6EA-6D4618515672}.Debug|x86.ActiveCfg = Debug|Win32
		{7606E234-7A37-47AE-B6EA-6D4618515672}.Debug|x86.Build.0 = Debug|Win32
		{7606E234-7A37-47AE-B6EA-6D4618515672}.Release|x64.ActiveCfg = Release|x64
		{7606E234-7A37-47AE-B6EA-6D4618515672}.Release|x64.Build.0 = Release|x64
		{7606E234-7A37-47AE-B6EA-6D4618515672}.Release|x86.ActiveCfg = Release|Win32
		{7606E234-7A37-47AE-B6EA-6D4618515672}.Release|x86.Build.0 = Release|Win32
		{C33C8DC5-155E-41FA-903A-41F248CD596C}.Debug|x64.ActiveCfg = Debug|x64
		{C33C8DC5-155E-41FA-903A-41F248CD596C}.Debug|x64.Build.0 = Debug|x64
		{C33C8DC5-155E-41FA-903A-41F248CD596C}.Debug|x86.ActiveCfg = Debug|Win32
		{C33C8DC5-155E-41FA-903A-41F248CD596C}.Debug|x86.Build.0 = Debug|Win32
		{C33C8DC5-155E-41FA-903A-41F248CD596C}.Release|x64.ActiveCfg = Release|x64
		{C33C8DC5-155E-41FA-903A-41F248CD596C}.Release|x64.Build.0 = Release|x64
		{C33C8DC5-155E-41FA-903A-41F248CD596C}.Release|x86.ActiveCfg = Release|Win32
		{C33C8DC5-155E-41FA-903A-41F248CD596C}.Release|x86.Build.0 = Release|Win32
		{DF9E1C81-BA8E-44B7-89C2-1FAFCC771B53}.Debug|x64.ActiveCfg = Debug|x64
		{DF9E1C81-BA8E-44B7-89C2-1FAFCC771B53}.Debug|x64.Build.0 = Debug|x64
		{DF9E1C81-BA8E-44B7-89C2-1FAFCC771B53}.Debug|x86.ActiveCfg = Debug|Win32
		{DF9E1C81-BA8E-44B7-89C2-1FAFCC771B53}.Debug|x86.Build.0 = Debug|Win32
		{DF9E1C81-BA8E-44B7-89C2-1FAFCC771B53}.Release|x64.ActiveCfg = Release|x64
		{DF9E1C81-BA8E-44B7-89C2-1FAFCC771B53}.Release|x64.Build.0 = Release|x64
		{DF9E1C81-BA8E-44B7-89C2-1FAFCC771B53}.Release|x86.ActiveCfg = Release|Win32
		{DF9E1C81-BA8E-44B7-89C2-1FAFCC771B53}.Release|x86.Build.0 = Release|Win32
		{97D627AF-F172-402D-B922-DC53CF8E4F85}.Debug|x64.ActiveCfg = Debug|x64
		{97D627AF-F172-402D-B922-DC53CF8E4F85}.Debug|x64.Build.0 = Debug|x64
		{97D627AF-F172-402D-B922-DC53CF8E4F85}.Debug|x86.ActiveCfg = Debug|Win32
		{97D627AF-F172-402D-B922-DC53CF8E4F85}.Debug|x86.Build.0 = Debug|Win32
		{97D627AF-F172-402D-B922-DC53CF8E4F85}.Release|x64.ActiveCfg = Release|x64
		{97D627AF-F172-402D-B922-DC53CF8E4F85}.Release|x64.Build.0 = Release|x64
		{97D627AF-F172-402D-B922-DC53CF8E4F85}.Release|x86.ActiveCfg = Release|Win32
		{97D627AF-F172-402D-B922-DC53CF8E4F85}.Release|x86.Build.0 = Release|Win32
		{C0E740FB-BE55-4087-9566-B840C51C3F56}.Debug|x64.ActiveCfg = Debug|x64
		{C0E740FB-BE55-4087-9566-B840C51C3F56}.Debug|x64.Build.0 = Debug|x64
		{C0E740FB-BE55-4087-9566-B840C51C3F56}.Debug|x86.ActiveCfg = Debug|Win32
		{C0E740FB-BE55-4087-9566-B840C51C3F56}.Debug|x86.Build.0 = Debug|Win32
		{C0E740FB-BE55-4087-9566-B840C51C3F56}.Release|x64.ActiveCfg = Release|x64
		{C0E740FB-BE55-4087-9566-B840C51C3F56}.Release|x64.Build.0 = Release|x64
		{C0E740FB-BE55-4087-9566-B840C51C3F56}.Release|x86.ActiveCfg = Release|Win32
		{C0E740FB-BE55-4087-9566-B840C51C3F56}.Release|x86.Build.0 = Release|Win32
		{517EFF13-15B9-44D4-9F5B-04AE964322D0}.Debug|x64.ActiveCfg = Debug|x64
		{517EFF13-15B9-44D4-9F5B-04AE964322D0}.Debug|x64.Build.0 = Debug|x64
		{517EFF13-15B9-44D4-9F5B-04AE964322D0}.Debug|x86.ActiveCfg = Debug|Win32
		{517EFF13-15B9-44D4-9F5B-04AE964322D0}.Debug|x86.Build.0 = Debug|Win32
		{517EFF13-15B9-44D4-9F5B-04AE964322D0}.Release|x64.ActiveCfg = Release|x64
		{517EFF13-15B9-44D4-9F5B-04AE964322D0}.Release|x64.Build.0 = Release|x64
		{517EFF13-15B9-44D4-9F5B-04AE964322D0}.Release|x86.ActiveCfg = Release|Win32
		{517EFF13-15B9-44D4-9F5B-04AE964322D0}.Release|x86.Build.0 = Release|Win32
		{3EC5A570-C612-4CCC-944C-069E17ABF84E}.Debug|x64.ActiveCfg = Debug|x64
		{3EC5A570-C612-4CCC-944C-069E17ABF84E}.Debug|x64.Build.0 = Debug|x64
		{3EC5A570-C612-4CCC-944C-069E17ABF84E}.Debug|x86.ActiveCfg = Debug|Win32
		{3EC5A570-C612-4CCC-944C-069E17ABF84E}.Debug|x86.Build.0 = Debug|Win32
		{3EC5A570-C612-4CCC-944C-069E17ABF84E}.Release|x64.ActiveCfg = Release|x64
		{3EC5A570-C612-4CCC-944C-069E17ABF84E}.Release|x64.Build.0 = Release|x64
		{3EC5A570-C612-4CCC-944C-069E17ABF84E}.Release|x86.ActiveCfg = Release|Win32
		{3EC5A570-C612-4CCC-944C-069E17ABF84E}.Release|x86.Build.0 = Release|Win32
		{399AFC9B-F1A8-47A9-A62F-65EC31F6A9DB}.Debug|x64.ActiveCfg = Debug|x64
		{399AFC9B-F1A8-47A9-A62F-65EC31F6A9DB}.Debug|x64.Build.0 = Debug|x64
		{399AFC9B-F1A8-47A9-A62F-65EC31F6A9DB}.Debug|x86.ActiveCfg = Debug|Win32
		{399AFC9B-F1A8-47A9-A62F-65EC31F6A9DB}.Debug|x86.Build.0 = Debug|Win32
		{399AFC9B-F1A8-47A9-A62F-65EC31F6A9DB}.Release|x64.ActiveCfg = Release|x64
		{399AFC9B-F1A8-47A9-A62F-65EC31F6A9DB}.Release|x64.Build.0 = Release|x64
		{399AFC9B-F1A8-47A9-A62F-65EC31F6A9DB}.Release|x86.ActiveCfg = Release|Win32
		{399AFC9B-F1A8-47A9-A62F-65EC31F6A9DB}.Release|x86.Build.0 = Release|Win32
		{C5A66CE8-EA5A-403C-AC3F-ECA276E7B562}.Debug|x64.ActiveCfg = Debug|x64
		{C5A66CE8-EA5A-403C-AC3F-ECA276E7B562}.Debug|x64.Build.0 = Debug|x64
		{C5A66CE8-EA5A-403C-AC3F-ECA276E7B562}.Debug|x86.ActiveCfg = Debug|Win32
		{C5A66CE8-EA5A-403C-AC3F-ECA276E7B562}.Debug|x86.Build.0 = Debug|Win32
		{C5A66CE8-EA5A-403C-AC3F-ECA276E7B562}.Release|x64.ActiveCfg = Release|x64
		{C5A66CE8-EA5A-403C-AC3F-ECA276E7B562}.Release|x64.Build.0 = Release|x64
		{C5A66CE8-EA5A-403C-AC3F-ECA276E7B562}.Release|x86.ActiveCfg = Release|Win32
		{C5A66CE8-EA5A-403C-AC3F-ECA276E7B562}.Release|x86.Build.0 = Release|Win32
		{05829F66-D09E-4A7E-A541-EBD014548BC6}.Debug|x64.ActiveCfg = Debug|x64
		{05829F66-D09E-4A7E-A541-EBD014548BC6}.Debug|x64.Build.0 = Debug|x64
		{05829F66-D09E-4A7E-A541-EBD014548BC6}.Debug|x86.ActiveCfg = Debug|Win32
		{05829F66-D09E-4A7E-A541-EBD014548BC6}.Debug|x86.Build.0 = Debug|Win32
		{05829F66-D09E-4A7E-A541-EBD014548BC6}.Release|x64.ActiveCfg = Release|x64
		{05829F66-D09E-4A7E-A541-EBD014548BC6}.Release|x64.Build.0 = Release|x64
		{05829F66-D09E-4A7E-A541-EBD014548BC6}.Release|x86.ActiveCfg = Release|Win32
		{05829F66-D09E-4A7E-A541-EBD014548BC6}.Release|x86.Build.0 = Release|Win32
		{FD85881A-72A9-44A5-9EFA-95BF932F40A4}.Debug|x64.ActiveCfg = Debug|x64
		{FD85881A-72A9-44A5-9EFA-95BF932F40A4}.Debug|x64.Build.0 = Debug|x64
		{FD85881A-72A9-44A5-9EFA-95BF932F40A4}.Debug|x86.ActiveCfg = Debug|Win32
		{FD85881A-72A9-44A5-9EFA-95BF932F40A4}.Debug|x86.Build.0 = Debug|Win32
		{FD85881A-72A9-44A5-9EFA-95BF932F40A4}.Release|x64.ActiveCfg = Release|x64
		{FD85881A-72A9-44A5-9EFA-95BF932F40A4}.Release|x64.Build.0 = Release|x64
		{FD85881A-72A9-44A5-9EFA-95BF932F40A4}.Release|x86.ActiveCfg = Release|Win32
		{FD85881A-72A9-44A5-9EFA-95BF932F40A4}.Release|x86.Build.0 = Release|Win32
		{42F9735B-DCAC-4D24-B834-F9B20EE28C30}.Debug|x64.ActiveCfg = Debug|x64
		{42F9735B-DCAC-4D24-B834-F9B20EE28C30}.Debug|x64.Build.0 = Debug|x64
		{42F9735B-DCAC-4D24-B834-F9B20EE28C30}.Debug|x86.ActiveCfg = Debug|Win32
		{42F9735B-DCAC-4D24-B834-F9B20EE28C30}.Debug|x86.Build.0 = Debug|Win32
		{42F9735B-DCAC-4D24-B834-F9B20EE28C30}.Release|x64.ActiveCfg = Release|x64
		{42F9735B-DCAC-4D24-B834-F9B20EE28C30}.Release|x64.Build.0 = Release|x64
		{42F9735B-DCAC-4D24-B834-F9B20EE28C30}.Release|x86.ActiveCfg = Release|Win32
		{42F9735B-DCAC-4D24-B834-F9B20EE28C30}.Release|x86.Build.0 = Release|Win32
		{9F2CBA13-A3E0-4DCB-A021-75BEB10368D5}.Debug|x64.ActiveCfg = Debug|x64
		{9F2CBA13-A3E0-4DCB-A021-75BEB10368D5}.Debug|x64.Build.0 = Debug|x64
		{9F2CBA13-A3E0-4DCB-A021-75BEB10368D5}.Debug|x86.ActiveCfg = Debug|Win32
		{9F2CBA13-A3E0-4DCB-A021-75BEB10368D5}.Debug|x86.Build.0 = Debug|Win32
		{9F2CBA13-A3E0-4DCB-A021-75BEB10368D5}.Release|x64.ActiveCfg = Release|x64
		{9F2CBA13-A3E0-4DCB-A021-75BEB10368D5}.Release|x64.Build.0 = Release|x64
		{9F2CBA13-A3E0-4DCB-A021-75BEB10368D5}.Release|x86.ActiveCfg = Release|Win32
		{9F2CBA13-A3E0-4DCB-A021-75BEB10368D5}.Release|x86.Build.0 = Release|Win32
		{C8E9ACE0-4166-4427-A9E4-DB4FC1234E7B}.Debug|x64.ActiveCfg = Debug|x64
		{C8E9ACE0-4166-4427-A9E4-DB4FC1234E7B}.Debug|x64.Build.0 = Debug|x64
		{C8E9ACE0-4166-4427-A9E4-DB4FC1234E7B}.Debug|x86.ActiveCfg = Debug|Win32
		{C8E9ACE0-4166-4427-A9E4-DB4FC1234E7B}.Debug|x86.Build.0 = Debug|Win32
		{C8E9ACE0-4166-4427-A9E4-DB4FC1234E7B}.Release|x64.ActiveCfg = Release|x64
		{C8E9ACE0-4166-4427-A9E4-DB4FC1234E7B}.Release|x64.Build.0 = Release|x64
		{C8E9ACE0-4166-4427-A9E4-DB4FC1234E7B}.Release|x86.ActiveCfg = Release|Win32
		{C8E9ACE0-4166-4427-A9E4-DB4FC1234E7B}.Release|x86.Build.0 = Release|Win32
		{10EA0C19-7A15-4B0A-8651-661941E2F752}.Debug|x64.ActiveCfg = Debug|x64
		{10EA0C19-7A15-4B0A-8651-661941E2F752}.Debug|x64.Build.0 = Debug|x64
		{10EA0C19-7A15-4B0A-8651-661941E2F752}.Debug|x86.ActiveCfg = Debug|Win32
		{10EA0C19-7A15-4B0A-8651-661941E2F752}.Debug|x86.Build.0 = Debug|Win32
		{10EA0C19-7A15-4B0A-8651-661941E2F752}.Release|x64.ActiveCfg = Release|x64
		{10EA0C19-7A15-4B0A-8651-661941E2F752}.Release|x64.Build.0 = Release|x64
		{10EA0C19-7A15-4B0A-8651-661941E2F752}.Release|x86.ActiveCfg = Release|Win32
		{10EA0C19-7A15-4B0A-8651-661941E2F752}.Release|x86.Build.0 = Release|Win32
		{C7E64FD0-A308-40CD-A24F-50D8E99DC43F}.Debug|x64.ActiveCfg = Debug|x64
		{C7E64FD0-A308-40CD-A24F-50D8E99DC43F}.Debug|x64.Build.0 = Debug|x64
		{C7E64FD0-A308-40CD-A24F-50D8E99DC43F}.Debug|x86.ActiveCfg = Debug|Win32
		{C7E64FD0-A308-40CD-A24F-50D8E99DC43F}.Debug|x86.Build.0 = Debug|Win32
		{C7E64FD0-A308-40CD-A24F-50D8E99DC43F}.Release|x64.ActiveCfg = Release|x64
		{C7E64FD0-A308-40CD-A24F-50D8E99DC43F}.Release|x64.Build.0 = Release|x64
		{C7E64FD0-A308-40CD-A24F-50D8E99DC43F}.Release|x86.ActiveCfg = Release|Win32
		{C7E64FD0-A308-40CD-A24F-50D8E99DC43F}.Release|x86.Build.0 = Release|Win32
		{D23DE237-94F3-478E-828F-A891C285B287}.Debug|x64.ActiveCfg = Debug|x64
		{D23DE237-94F3-478E-828F-A891C285B287}.Debug|x64.Build.0 = Debug|x64
		{D23DE237-94F3-478E-828F-A891C285B287}.Debug|x86.ActiveCfg = Debug|Win32
		{D23DE237-94F3-478E-828F-A891C285B287}.Debug|x86.Build.0 = Debug|Win32
		{D23DE237-94F3-478E-828F-A891C285B287}.Release|x64.ActiveCfg = Release|x64
		{D23DE237-94F3-478E-828F-A891C285B287}.Release|x64.Build.0 = Release|x64
		{D23DE237-94F3-478E-828F-A891C285B287}.Release|x86.ActiveCfg = Release|Win32
		{D23DE237-94F3-478E-828F-A891C285B287}.Release|x86.Build.0 = Release|Win32
		{38F2CCD2-C15E-4F99-BC2F-33577857F33E}.Debug|x64.ActiveCfg = Debug|x64
		{38F2CCD2-C15E-4F99-BC2F-33577857F33E}.Debug|x64.Build.0 = Debug|x64
		{38F2CCD2-C15E-4F99-BC2F-33577857F33E}.Debug|x86.ActiveCfg = Debug|Win32
		{38F2CCD2-C15E-4F99-BC2F-33577857F33E}.Debug|x86.Build.0 = Debug|Win32
		{38F2CCD2-C15E-4F99-BC2F-33577857F33E}.Release|x64.ActiveCfg = Release|x64
		{38F2CCD2-C15E-4F99-BC2F-33577857F33E}.Release|x64.Build.0 = Release|x64
		{38F2CCD2-C15E-4F99-BC2F-33577857F33E}.Release|x86.ActiveCfg = Release|Win32
		{38F2CCD2-C15E-4F99-BC2F-33577857F33E}.Release|x86.Build.0 = Release|Win32
	EndGlobalSection
	GlobalSection(SolutionProperties) = preSolution
		HideSolutionNode = FALSE
	EndGlobalSection
	GlobalSection(ExtensibilityGlobals) = postSolution
		SolutionGuid = {128CF48B-34BA-4CCC-B8F6-09360EF5973E}
	EndGlobalSection
EndGlobal
