
Microsoft Visual Studio Solution File, Format Version 12.00
# Visual Studio Version 17
VisualStudioVersion = 17.4.33103.184
MinimumVisualStudioVersion = 10.0.40219.1
Project("{8BC9CEB8-8B4A-11D0-8D11-00A0C91BC942}") = "Project1_C++", "Project1_C++\Project1_C++.vcxproj", "{A85DB50F-7746-4333-BE00-CE98DD3A4CCF}"
EndProject
Project("{8BC9CEB8-8B4A-11D0-8D11-00A0C91BC942}") = "Printf.Tow", "Printf.Tow\Printf.Tow.vcxproj", "{097DC50B-CC76-4D18-AB8F-91B3363F6A56}"
EndProject
Project("{8BC9CEB8-8B4A-11D0-8D11-00A0C91BC942}") = "202211121358", "202211121358\202211121358.vcxproj", "{8E1A15AE-85C3-4F4D-BEBB-5F796010CB8F}"
EndProject
Project("{8BC9CEB8-8B4A-11D0-8D11-00A0C91BC942}") = "202211121432_oper", "202211121432_oper\202211121432_oper.vcxproj", "{B15934E9-808D-425D-B74D-215185A0B4DA}"
EndProject
Project("{8BC9CEB8-8B4A-11D0-8D11-00A0C91BC942}") = "202211121443", "202211121443\202211121443.vcxproj", "{7CA2354E-EFC5-4877-9F75-694070FC2C4C}"
EndProject
Project("{8BC9CEB8-8B4A-11D0-8D11-00A0C91BC942}") = "202211121300", "202211121300\202211121300.vcxproj", "{7E2B5D3D-6117-480C-94AA-720D05701ECE}"
EndProject
Project("{8BC9CEB8-8B4A-11D0-8D11-00A0C91BC942}") = "202211121513", "202211121513\202211121513.vcxproj", "{3AC59608-3968-4F15-A3E5-9A8FE7AF3CEB}"
EndProject
Project("{8BC9CEB8-8B4A-11D0-8D11-00A0C91BC942}") = "202211121541", "202211121541\202211121541.vcxproj", "{3F9195B3-1B94-4659-8C76-38E489B2A02F}"
EndProject
Project("{8BC9CEB8-8B4A-11D0-8D11-00A0C91BC942}") = "202211121600", "202211121600\202211121600.vcxproj", "{5F323CFC-7EDD-4F09-A629-E37B09091176}"
EndProject
Project("{8BC9CEB8-8B4A-11D0-8D11-00A0C91BC942}") = "202211121631", "202211121631\202211121631.vcxproj", "{CA11588E-C794-4BC5-BD43-2A5E41BA72E5}"
EndProject
Project("{8BC9CEB8-8B4A-11D0-8D11-00A0C91BC942}") = "202211121653", "202211121653\202211121653.vcxproj", "{7B41AE8C-9BCF-4BE8-B873-DEEFB36A3473}"
EndProject
Project("{8BC9CEB8-8B4A-11D0-8D11-00A0C91BC942}") = "202211121709", "202211121709\202211121709.vcxproj", "{48766905-DC4B-448F-9027-473602E34F02}"
EndProject
Project("{8BC9CEB8-8B4A-11D0-8D11-00A0C91BC942}") = "202211121716", "202211121716\202211121716.vcxproj", "{6898BD7B-7432-4A1B-A91A-48B8980F0AFC}"
EndProject
Project("{8BC9CEB8-8B4A-11D0-8D11-00A0C91BC942}") = "202211191419", "202211191419\202211191419.vcxproj", "{1D3AEC31-70EC-4D96-87E5-C4A8FAFC2E3B}"
EndProject
Project("{8BC9CEB8-8B4A-11D0-8D11-00A0C91BC942}") = "202211191434", "202211191434\202211191434.vcxproj", "{5CA0DAD9-EBD1-4149-B7B8-9367AD2433E3}"
EndProject
Project("{8BC9CEB8-8B4A-11D0-8D11-00A0C91BC942}") = "202211191435", "202211191435\202211191435.vcxproj", "{B117751D-A644-418A-AC06-6816A6D50124}"
EndProject
Project("{8BC9CEB8-8B4A-11D0-8D11-00A0C91BC942}") = "202211191459", "202211191459\202211191459.vcxproj", "{FF4296D1-E39E-4474-97C4-9419ADBEC641}"
EndProject
Project("{8BC9CEB8-8B4A-11D0-8D11-00A0C91BC942}") = "202211191505", "202211191505\202211191505.vcxproj", "{30D1041B-D958-46DB-A474-8CF0FF065BA4}"
EndProject
Project("{8BC9CEB8-8B4A-11D0-8D11-00A0C91BC942}") = "202211191530", "202211191530\202211191530.vcxproj", "{2C9E42E5-1A1D-44A4-9ED3-E79BC16344FC}"
EndProject
Project("{8BC9CEB8-8B4A-11D0-8D11-00A0C91BC942}") = "202211191627", "202211191627\202211191627.vcxproj", "{43E48196-CB4A-4056-8A19-2C47324C90DC}"
EndProject
Project("{8BC9CEB8-8B4A-11D0-8D11-00A0C91BC942}") = "202211191641", "202211191641\202211191641.vcxproj", "{AF7528D2-7C95-4E0E-A522-4CA5535FD1A9}"
EndProject
Project("{8BC9CEB8-8B4A-11D0-8D11-00A0C91BC942}") = "202211191715", "202211191715\202211191715.vcxproj", "{0DA29069-B1B0-457F-B89C-39E04E56703F}"
EndProject
Project("{8BC9CEB8-8B4A-11D0-8D11-00A0C91BC942}") = "202211191736", "202211191736\202211191736.vcxproj", "{7BC576BC-40BD-467D-9046-2494BAAECC4E}"
EndProject
Global
	GlobalSection(SolutionConfigurationPlatforms) = preSolution
		Debug|x64 = Debug|x64
		Debug|x86 = Debug|x86
		Release|x64 = Release|x64
		Release|x86 = Release|x86
	EndGlobalSection
	GlobalSection(ProjectConfigurationPlatforms) = postSolution
		{A85DB50F-7746-4333-BE00-CE98DD3A4CCF}.Debug|x64.ActiveCfg = Debug|x64
		{A85DB50F-7746-4333-BE00-CE98DD3A4CCF}.Debug|x64.Build.0 = Debug|x64
		{A85DB50F-7746-4333-BE00-CE98DD3A4CCF}.Debug|x86.ActiveCfg = Debug|Win32
		{A85DB50F-7746-4333-BE00-CE98DD3A4CCF}.Debug|x86.Build.0 = Debug|Win32
		{A85DB50F-7746-4333-BE00-CE98DD3A4CCF}.Release|x64.ActiveCfg = Release|x64
		{A85DB50F-7746-4333-BE00-CE98DD3A4CCF}.Release|x64.Build.0 = Release|x64
		{A85DB50F-7746-4333-BE00-CE98DD3A4CCF}.Release|x86.ActiveCfg = Release|Win32
		{A85DB50F-7746-4333-BE00-CE98DD3A4CCF}.Release|x86.Build.0 = Release|Win32
		{097DC50B-CC76-4D18-AB8F-91B3363F6A56}.Debug|x64.ActiveCfg = Debug|x64
		{097DC50B-CC76-4D18-AB8F-91B3363F6A56}.Debug|x64.Build.0 = Debug|x64
		{097DC50B-CC76-4D18-AB8F-91B3363F6A56}.Debug|x86.ActiveCfg = Debug|Win32
		{097DC50B-CC76-4D18-AB8F-91B3363F6A56}.Debug|x86.Build.0 = Debug|Win32
		{097DC50B-CC76-4D18-AB8F-91B3363F6A56}.Release|x64.ActiveCfg = Release|x64
		{097DC50B-CC76-4D18-AB8F-91B3363F6A56}.Release|x64.Build.0 = Release|x64
		{097DC50B-CC76-4D18-AB8F-91B3363F6A56}.Release|x86.ActiveCfg = Release|Win32
		{097DC50B-CC76-4D18-AB8F-91B3363F6A56}.Release|x86.Build.0 = Release|Win32
		{8E1A15AE-85C3-4F4D-BEBB-5F796010CB8F}.Debug|x64.ActiveCfg = Debug|x64
		{8E1A15AE-85C3-4F4D-BEBB-5F796010CB8F}.Debug|x64.Build.0 = Debug|x64
		{8E1A15AE-85C3-4F4D-BEBB-5F796010CB8F}.Debug|x86.ActiveCfg = Debug|Win32
		{8E1A15AE-85C3-4F4D-BEBB-5F796010CB8F}.Debug|x86.Build.0 = Debug|Win32
		{8E1A15AE-85C3-4F4D-BEBB-5F796010CB8F}.Release|x64.ActiveCfg = Release|x64
		{8E1A15AE-85C3-4F4D-BEBB-5F796010CB8F}.Release|x64.Build.0 = Release|x64
		{8E1A15AE-85C3-4F4D-BEBB-5F796010CB8F}.Release|x86.ActiveCfg = Release|Win32
		{8E1A15AE-85C3-4F4D-BEBB-5F796010CB8F}.Release|x86.Build.0 = Release|Win32
		{B15934E9-808D-425D-B74D-215185A0B4DA}.Debug|x64.ActiveCfg = Debug|x64
		{B15934E9-808D-425D-B74D-215185A0B4DA}.Debug|x64.Build.0 = Debug|x64
		{B15934E9-808D-425D-B74D-215185A0B4DA}.Debug|x86.ActiveCfg = Debug|Win32
		{B15934E9-808D-425D-B74D-215185A0B4DA}.Debug|x86.Build.0 = Debug|Win32
		{B15934E9-808D-425D-B74D-215185A0B4DA}.Release|x64.ActiveCfg = Release|x64
		{B15934E9-808D-425D-B74D-215185A0B4DA}.Release|x64.Build.0 = Release|x64
		{B15934E9-808D-425D-B74D-215185A0B4DA}.Release|x86.ActiveCfg = Release|Win32
		{B15934E9-808D-425D-B74D-215185A0B4DA}.Release|x86.Build.0 = Release|Win32
		{7CA2354E-EFC5-4877-9F75-694070FC2C4C}.Debug|x64.ActiveCfg = Debug|x64
		{7CA2354E-EFC5-4877-9F75-694070FC2C4C}.Debug|x64.Build.0 = Debug|x64
		{7CA2354E-EFC5-4877-9F75-694070FC2C4C}.Debug|x86.ActiveCfg = Debug|Win32
		{7CA2354E-EFC5-4877-9F75-694070FC2C4C}.Debug|x86.Build.0 = Debug|Win32
		{7CA2354E-EFC5-4877-9F75-694070FC2C4C}.Release|x64.ActiveCfg = Release|x64
		{7CA2354E-EFC5-4877-9F75-694070FC2C4C}.Release|x64.Build.0 = Release|x64
		{7CA2354E-EFC5-4877-9F75-694070FC2C4C}.Release|x86.ActiveCfg = Release|Win32
		{7CA2354E-EFC5-4877-9F75-694070FC2C4C}.Release|x86.Build.0 = Release|Win32
		{7E2B5D3D-6117-480C-94AA-720D05701ECE}.Debug|x64.ActiveCfg = Debug|x64
		{7E2B5D3D-6117-480C-94AA-720D05701ECE}.Debug|x64.Build.0 = Debug|x64
		{7E2B5D3D-6117-480C-94AA-720D05701ECE}.Debug|x86.ActiveCfg = Debug|Win32
		{7E2B5D3D-6117-480C-94AA-720D05701ECE}.Debug|x86.Build.0 = Debug|Win32
		{7E2B5D3D-6117-480C-94AA-720D05701ECE}.Release|x64.ActiveCfg = Release|x64
		{7E2B5D3D-6117-480C-94AA-720D05701ECE}.Release|x64.Build.0 = Release|x64
		{7E2B5D3D-6117-480C-94AA-720D05701ECE}.Release|x86.ActiveCfg = Release|Win32
		{7E2B5D3D-6117-480C-94AA-720D05701ECE}.Release|x86.Build.0 = Release|Win32
		{3AC59608-3968-4F15-A3E5-9A8FE7AF3CEB}.Debug|x64.ActiveCfg = Debug|x64
		{3AC59608-3968-4F15-A3E5-9A8FE7AF3CEB}.Debug|x64.Build.0 = Debug|x64
		{3AC59608-3968-4F15-A3E5-9A8FE7AF3CEB}.Debug|x86.ActiveCfg = Debug|Win32
		{3AC59608-3968-4F15-A3E5-9A8FE7AF3CEB}.Debug|x86.Build.0 = Debug|Win32
		{3AC59608-3968-4F15-A3E5-9A8FE7AF3CEB}.Release|x64.ActiveCfg = Release|x64
		{3AC59608-3968-4F15-A3E5-9A8FE7AF3CEB}.Release|x64.Build.0 = Release|x64
		{3AC59608-3968-4F15-A3E5-9A8FE7AF3CEB}.Release|x86.ActiveCfg = Release|Win32
		{3AC59608-3968-4F15-A3E5-9A8FE7AF3CEB}.Release|x86.Build.0 = Release|Win32
		{3F9195B3-1B94-4659-8C76-38E489B2A02F}.Debug|x64.ActiveCfg = Debug|x64
		{3F9195B3-1B94-4659-8C76-38E489B2A02F}.Debug|x64.Build.0 = Debug|x64
		{3F9195B3-1B94-4659-8C76-38E489B2A02F}.Debug|x86.ActiveCfg = Debug|Win32
		{3F9195B3-1B94-4659-8C76-38E489B2A02F}.Debug|x86.Build.0 = Debug|Win32
		{3F9195B3-1B94-4659-8C76-38E489B2A02F}.Release|x64.ActiveCfg = Release|x64
		{3F9195B3-1B94-4659-8C76-38E489B2A02F}.Release|x64.Build.0 = Release|x64
		{3F9195B3-1B94-4659-8C76-38E489B2A02F}.Release|x86.ActiveCfg = Release|Win32
		{3F9195B3-1B94-4659-8C76-38E489B2A02F}.Release|x86.Build.0 = Release|Win32
		{5F323CFC-7EDD-4F09-A629-E37B09091176}.Debug|x64.ActiveCfg = Debug|x64
		{5F323CFC-7EDD-4F09-A629-E37B09091176}.Debug|x64.Build.0 = Debug|x64
		{5F323CFC-7EDD-4F09-A629-E37B09091176}.Debug|x86.ActiveCfg = Debug|Win32
		{5F323CFC-7EDD-4F09-A629-E37B09091176}.Debug|x86.Build.0 = Debug|Win32
		{5F323CFC-7EDD-4F09-A629-E37B09091176}.Release|x64.ActiveCfg = Release|x64
		{5F323CFC-7EDD-4F09-A629-E37B09091176}.Release|x64.Build.0 = Release|x64
		{5F323CFC-7EDD-4F09-A629-E37B09091176}.Release|x86.ActiveCfg = Release|Win32
		{5F323CFC-7EDD-4F09-A629-E37B09091176}.Release|x86.Build.0 = Release|Win32
		{CA11588E-C794-4BC5-BD43-2A5E41BA72E5}.Debug|x64.ActiveCfg = Debug|x64
		{CA11588E-C794-4BC5-BD43-2A5E41BA72E5}.Debug|x64.Build.0 = Debug|x64
		{CA11588E-C794-4BC5-BD43-2A5E41BA72E5}.Debug|x86.ActiveCfg = Debug|Win32
		{CA11588E-C794-4BC5-BD43-2A5E41BA72E5}.Debug|x86.Build.0 = Debug|Win32
		{CA11588E-C794-4BC5-BD43-2A5E41BA72E5}.Release|x64.ActiveCfg = Release|x64
		{CA11588E-C794-4BC5-BD43-2A5E41BA72E5}.Release|x64.Build.0 = Release|x64
		{CA11588E-C794-4BC5-BD43-2A5E41BA72E5}.Release|x86.ActiveCfg = Release|Win32
		{CA11588E-C794-4BC5-BD43-2A5E41BA72E5}.Release|x86.Build.0 = Release|Win32
		{7B41AE8C-9BCF-4BE8-B873-DEEFB36A3473}.Debug|x64.ActiveCfg = Debug|x64
		{7B41AE8C-9BCF-4BE8-B873-DEEFB36A3473}.Debug|x64.Build.0 = Debug|x64
		{7B41AE8C-9BCF-4BE8-B873-DEEFB36A3473}.Debug|x86.ActiveCfg = Debug|Win32
		{7B41AE8C-9BCF-4BE8-B873-DEEFB36A3473}.Debug|x86.Build.0 = Debug|Win32
		{7B41AE8C-9BCF-4BE8-B873-DEEFB36A3473}.Release|x64.ActiveCfg = Release|x64
		{7B41AE8C-9BCF-4BE8-B873-DEEFB36A3473}.Release|x64.Build.0 = Release|x64
		{7B41AE8C-9BCF-4BE8-B873-DEEFB36A3473}.Release|x86.ActiveCfg = Release|Win32
		{7B41AE8C-9BCF-4BE8-B873-DEEFB36A3473}.Release|x86.Build.0 = Release|Win32
		{48766905-DC4B-448F-9027-473602E34F02}.Debug|x64.ActiveCfg = Debug|x64
		{48766905-DC4B-448F-9027-473602E34F02}.Debug|x64.Build.0 = Debug|x64
		{48766905-DC4B-448F-9027-473602E34F02}.Debug|x86.ActiveCfg = Debug|Win32
		{48766905-DC4B-448F-9027-473602E34F02}.Debug|x86.Build.0 = Debug|Win32
		{48766905-DC4B-448F-9027-473602E34F02}.Release|x64.ActiveCfg = Release|x64
		{48766905-DC4B-448F-9027-473602E34F02}.Release|x64.Build.0 = Release|x64
		{48766905-DC4B-448F-9027-473602E34F02}.Release|x86.ActiveCfg = Release|Win32
		{48766905-DC4B-448F-9027-473602E34F02}.Release|x86.Build.0 = Release|Win32
		{6898BD7B-7432-4A1B-A91A-48B8980F0AFC}.Debug|x64.ActiveCfg = Debug|x64
		{6898BD7B-7432-4A1B-A91A-48B8980F0AFC}.Debug|x64.Build.0 = Debug|x64
		{6898BD7B-7432-4A1B-A91A-48B8980F0AFC}.Debug|x86.ActiveCfg = Debug|Win32
		{6898BD7B-7432-4A1B-A91A-48B8980F0AFC}.Debug|x86.Build.0 = Debug|Win32
		{6898BD7B-7432-4A1B-A91A-48B8980F0AFC}.Release|x64.ActiveCfg = Release|x64
		{6898BD7B-7432-4A1B-A91A-48B8980F0AFC}.Release|x64.Build.0 = Release|x64
		{6898BD7B-7432-4A1B-A91A-48B8980F0AFC}.Release|x86.ActiveCfg = Release|Win32
		{6898BD7B-7432-4A1B-A91A-48B8980F0AFC}.Release|x86.Build.0 = Release|Win32
		{1D3AEC31-70EC-4D96-87E5-C4A8FAFC2E3B}.Debug|x64.ActiveCfg = Debug|x64
		{1D3AEC31-70EC-4D96-87E5-C4A8FAFC2E3B}.Debug|x64.Build.0 = Debug|x64
		{1D3AEC31-70EC-4D96-87E5-C4A8FAFC2E3B}.Debug|x86.ActiveCfg = Debug|Win32
		{1D3AEC31-70EC-4D96-87E5-C4A8FAFC2E3B}.Debug|x86.Build.0 = Debug|Win32
		{1D3AEC31-70EC-4D96-87E5-C4A8FAFC2E3B}.Release|x64.ActiveCfg = Release|x64
		{1D3AEC31-70EC-4D96-87E5-C4A8FAFC2E3B}.Release|x64.Build.0 = Release|x64
		{1D3AEC31-70EC-4D96-87E5-C4A8FAFC2E3B}.Release|x86.ActiveCfg = Release|Win32
		{1D3AEC31-70EC-4D96-87E5-C4A8FAFC2E3B}.Release|x86.Build.0 = Release|Win32
		{5CA0DAD9-EBD1-4149-B7B8-9367AD2433E3}.Debug|x64.ActiveCfg = Debug|x64
		{5CA0DAD9-EBD1-4149-B7B8-9367AD2433E3}.Debug|x64.Build.0 = Debug|x64
		{5CA0DAD9-EBD1-4149-B7B8-9367AD2433E3}.Debug|x86.ActiveCfg = Debug|Win32
		{5CA0DAD9-EBD1-4149-B7B8-9367AD2433E3}.Debug|x86.Build.0 = Debug|Win32
		{5CA0DAD9-EBD1-4149-B7B8-9367AD2433E3}.Release|x64.ActiveCfg = Release|x64
		{5CA0DAD9-EBD1-4149-B7B8-9367AD2433E3}.Release|x64.Build.0 = Release|x64
		{5CA0DAD9-EBD1-4149-B7B8-9367AD2433E3}.Release|x86.ActiveCfg = Release|Win32
		{5CA0DAD9-EBD1-4149-B7B8-9367AD2433E3}.Release|x86.Build.0 = Release|Win32
		{B117751D-A644-418A-AC06-6816A6D50124}.Debug|x64.ActiveCfg = Debug|x64
		{B117751D-A644-418A-AC06-6816A6D50124}.Debug|x64.Build.0 = Debug|x64
		{B117751D-A644-418A-AC06-6816A6D50124}.Debug|x86.ActiveCfg = Debug|Win32
		{B117751D-A644-418A-AC06-6816A6D50124}.Debug|x86.Build.0 = Debug|Win32
		{B117751D-A644-418A-AC06-6816A6D50124}.Release|x64.ActiveCfg = Release|x64
		{B117751D-A644-418A-AC06-6816A6D50124}.Release|x64.Build.0 = Release|x64
		{B117751D-A644-418A-AC06-6816A6D50124}.Release|x86.ActiveCfg = Release|Win32
		{B117751D-A644-418A-AC06-6816A6D50124}.Release|x86.Build.0 = Release|Win32
		{FF4296D1-E39E-4474-97C4-9419ADBEC641}.Debug|x64.ActiveCfg = Debug|x64
		{FF4296D1-E39E-4474-97C4-9419ADBEC641}.Debug|x64.Build.0 = Debug|x64
		{FF4296D1-E39E-4474-97C4-9419ADBEC641}.Debug|x86.ActiveCfg = Debug|Win32
		{FF4296D1-E39E-4474-97C4-9419ADBEC641}.Debug|x86.Build.0 = Debug|Win32
		{FF4296D1-E39E-4474-97C4-9419ADBEC641}.Release|x64.ActiveCfg = Release|x64
		{FF4296D1-E39E-4474-97C4-9419ADBEC641}.Release|x64.Build.0 = Release|x64
		{FF4296D1-E39E-4474-97C4-9419ADBEC641}.Release|x86.ActiveCfg = Release|Win32
		{FF4296D1-E39E-4474-97C4-9419ADBEC641}.Release|x86.Build.0 = Release|Win32
		{30D1041B-D958-46DB-A474-8CF0FF065BA4}.Debug|x64.ActiveCfg = Debug|x64
		{30D1041B-D958-46DB-A474-8CF0FF065BA4}.Debug|x64.Build.0 = Debug|x64
		{30D1041B-D958-46DB-A474-8CF0FF065BA4}.Debug|x86.ActiveCfg = Debug|Win32
		{30D1041B-D958-46DB-A474-8CF0FF065BA4}.Debug|x86.Build.0 = Debug|Win32
		{30D1041B-D958-46DB-A474-8CF0FF065BA4}.Release|x64.ActiveCfg = Release|x64
		{30D1041B-D958-46DB-A474-8CF0FF065BA4}.Release|x64.Build.0 = Release|x64
		{30D1041B-D958-46DB-A474-8CF0FF065BA4}.Release|x86.ActiveCfg = Release|Win32
		{30D1041B-D958-46DB-A474-8CF0FF065BA4}.Release|x86.Build.0 = Release|Win32
		{2C9E42E5-1A1D-44A4-9ED3-E79BC16344FC}.Debug|x64.ActiveCfg = Debug|x64
		{2C9E42E5-1A1D-44A4-9ED3-E79BC16344FC}.Debug|x64.Build.0 = Debug|x64
		{2C9E42E5-1A1D-44A4-9ED3-E79BC16344FC}.Debug|x86.ActiveCfg = Debug|Win32
		{2C9E42E5-1A1D-44A4-9ED3-E79BC16344FC}.Debug|x86.Build.0 = Debug|Win32
		{2C9E42E5-1A1D-44A4-9ED3-E79BC16344FC}.Release|x64.ActiveCfg = Release|x64
		{2C9E42E5-1A1D-44A4-9ED3-E79BC16344FC}.Release|x64.Build.0 = Release|x64
		{2C9E42E5-1A1D-44A4-9ED3-E79BC16344FC}.Release|x86.ActiveCfg = Release|Win32
		{2C9E42E5-1A1D-44A4-9ED3-E79BC16344FC}.Release|x86.Build.0 = Release|Win32
		{43E48196-CB4A-4056-8A19-2C47324C90DC}.Debug|x64.ActiveCfg = Debug|x64
		{43E48196-CB4A-4056-8A19-2C47324C90DC}.Debug|x64.Build.0 = Debug|x64
		{43E48196-CB4A-4056-8A19-2C47324C90DC}.Debug|x86.ActiveCfg = Debug|Win32
		{43E48196-CB4A-4056-8A19-2C47324C90DC}.Debug|x86.Build.0 = Debug|Win32
		{43E48196-CB4A-4056-8A19-2C47324C90DC}.Release|x64.ActiveCfg = Release|x64
		{43E48196-CB4A-4056-8A19-2C47324C90DC}.Release|x64.Build.0 = Release|x64
		{43E48196-CB4A-4056-8A19-2C47324C90DC}.Release|x86.ActiveCfg = Release|Win32
		{43E48196-CB4A-4056-8A19-2C47324C90DC}.Release|x86.Build.0 = Release|Win32
		{AF7528D2-7C95-4E0E-A522-4CA5535FD1A9}.Debug|x64.ActiveCfg = Debug|x64
		{AF7528D2-7C95-4E0E-A522-4CA5535FD1A9}.Debug|x64.Build.0 = Debug|x64
		{AF7528D2-7C95-4E0E-A522-4CA5535FD1A9}.Debug|x86.ActiveCfg = Debug|Win32
		{AF7528D2-7C95-4E0E-A522-4CA5535FD1A9}.Debug|x86.Build.0 = Debug|Win32
		{AF7528D2-7C95-4E0E-A522-4CA5535FD1A9}.Release|x64.ActiveCfg = Release|x64
		{AF7528D2-7C95-4E0E-A522-4CA5535FD1A9}.Release|x64.Build.0 = Release|x64
		{AF7528D2-7C95-4E0E-A522-4CA5535FD1A9}.Release|x86.ActiveCfg = Release|Win32
		{AF7528D2-7C95-4E0E-A522-4CA5535FD1A9}.Release|x86.Build.0 = Release|Win32
		{0DA29069-B1B0-457F-B89C-39E04E56703F}.Debug|x64.ActiveCfg = Debug|x64
		{0DA29069-B1B0-457F-B89C-39E04E56703F}.Debug|x64.Build.0 = Debug|x64
		{0DA29069-B1B0-457F-B89C-39E04E56703F}.Debug|x86.ActiveCfg = Debug|Win32
		{0DA29069-B1B0-457F-B89C-39E04E56703F}.Debug|x86.Build.0 = Debug|Win32
		{0DA29069-B1B0-457F-B89C-39E04E56703F}.Release|x64.ActiveCfg = Release|x64
		{0DA29069-B1B0-457F-B89C-39E04E56703F}.Release|x64.Build.0 = Release|x64
		{0DA29069-B1B0-457F-B89C-39E04E56703F}.Release|x86.ActiveCfg = Release|Win32
		{0DA29069-B1B0-457F-B89C-39E04E56703F}.Release|x86.Build.0 = Release|Win32
		{7BC576BC-40BD-467D-9046-2494BAAECC4E}.Debug|x64.ActiveCfg = Debug|x64
		{7BC576BC-40BD-467D-9046-2494BAAECC4E}.Debug|x64.Build.0 = Debug|x64
		{7BC576BC-40BD-467D-9046-2494BAAECC4E}.Debug|x86.ActiveCfg = Debug|Win32
		{7BC576BC-40BD-467D-9046-2494BAAECC4E}.Debug|x86.Build.0 = Debug|Win32
		{7BC576BC-40BD-467D-9046-2494BAAECC4E}.Release|x64.ActiveCfg = Release|x64
		{7BC576BC-40BD-467D-9046-2494BAAECC4E}.Release|x64.Build.0 = Release|x64
		{7BC576BC-40BD-467D-9046-2494BAAECC4E}.Release|x86.ActiveCfg = Release|Win32
		{7BC576BC-40BD-467D-9046-2494BAAECC4E}.Release|x86.Build.0 = Release|Win32
	EndGlobalSection
	GlobalSection(SolutionProperties) = preSolution
		HideSolutionNode = FALSE
	EndGlobalSection
	GlobalSection(ExtensibilityGlobals) = postSolution
		SolutionGuid = {5D5E69CE-3048-455F-8829-50F34B8F48A1}
	EndGlobalSection
EndGlobal
